// !$*UTF8*$!
{
	archiveVersion = 1;
	classes = {
	};
	objectVersion = 46;
	objects = {

/* Begin PBXBuildFile section */
		12B281A79D4E8810940B20AD /* Pods_MeiLiTV.framework in Frameworks */ = {isa = PBXBuildFile; fileRef = 78B8ECB851C9262C3B9BC0A5 /* Pods_MeiLiTV.framework */; };
		4F796C292111CC9B00D8D620 /* UMMobClick.framework in Frameworks */ = {isa = PBXBuildFile; fileRef = 576F74591EC306DD007E3799 /* UMMobClick.framework */; };
		5708B7011EBC17F8004D4B4E /* libsqlite3.tbd in Frameworks */ = {isa = PBXBuildFile; fileRef = 5708B7001EBC17F8004D4B4E /* libsqlite3.tbd */; };
		5708B7031EBC1941004D4B4E /* Accelerate.framework in Frameworks */ = {isa = PBXBuildFile; fileRef = 5708B7021EBC1941004D4B4E /* Accelerate.framework */; };
		5708B7071EBC1A62004D4B4E /* Foundation.framework in Frameworks */ = {isa = PBXBuildFile; fileRef = 5708B7061EBC1A62004D4B4E /* Foundation.framework */; };
		5708B7091EBC1A69004D4B4E /* UIKit.framework in Frameworks */ = {isa = PBXBuildFile; fileRef = 5708B7081EBC1A69004D4B4E /* UIKit.framework */; };
		570B7E4D1EB2E20E002EF052 /* MineViewDelegate.swift in Sources */ = {isa = PBXBuildFile; fileRef = 570B7E4C1EB2E20E002EF052 /* MineViewDelegate.swift */; };
		571F0EB71E8E5E9B005DA7B2 /* CoreLocation.framework in Frameworks */ = {isa = PBXBuildFile; fileRef = 571F0EB61E8E5E9B005DA7B2 /* CoreLocation.framework */; };
		5727896F1E9F0EE800A14FDA /* TAAbstractDotView.m in Sources */ = {isa = PBXBuildFile; fileRef = 572789621E9F0EE800A14FDA /* TAAbstractDotView.m */; };
		572789701E9F0EE800A14FDA /* TAAnimatedDotView.m in Sources */ = {isa = PBXBuildFile; fileRef = 572789641E9F0EE800A14FDA /* TAAnimatedDotView.m */; };
		572789711E9F0EE800A14FDA /* TADotView.m in Sources */ = {isa = PBXBuildFile; fileRef = 572789661E9F0EE800A14FDA /* TADotView.m */; };
		572789721E9F0EE800A14FDA /* TAPageControl.m in Sources */ = {isa = PBXBuildFile; fileRef = 572789681E9F0EE800A14FDA /* TAPageControl.m */; };
		572789731E9F0EE800A14FDA /* SDCollectionViewCell.m in Sources */ = {isa = PBXBuildFile; fileRef = 5727896A1E9F0EE800A14FDA /* SDCollectionViewCell.m */; };
		572789741E9F0EE800A14FDA /* SDCycleScrollView.m in Sources */ = {isa = PBXBuildFile; fileRef = 5727896C1E9F0EE800A14FDA /* SDCycleScrollView.m */; };
		572789751E9F0EE800A14FDA /* UIView+SDExtension.m in Sources */ = {isa = PBXBuildFile; fileRef = 5727896E1E9F0EE800A14FDA /* UIView+SDExtension.m */; };
		5727897B1E9F11A600A14FDA /* MainViewDelegate.swift in Sources */ = {isa = PBXBuildFile; fileRef = 5727897A1E9F11A600A14FDA /* MainViewDelegate.swift */; };
		572789801E9F206F00A14FDA /* SliderResultModel.swift in Sources */ = {isa = PBXBuildFile; fileRef = 5727897F1E9F206F00A14FDA /* SliderResultModel.swift */; };
		5727898A1E9F402900A14FDA /* BaseJSONModel.m in Sources */ = {isa = PBXBuildFile; fileRef = 572789891E9F402900A14FDA /* BaseJSONModel.m */; };
		5733CC581EB46CD2004AA22E /* LiveViewModel.swift in Sources */ = {isa = PBXBuildFile; fileRef = 5733CC571EB46CD2004AA22E /* LiveViewModel.swift */; };
		5733CC5D1EB47510004AA22E /* LiveMenuResultModel.swift in Sources */ = {isa = PBXBuildFile; fileRef = 5733CC5C1EB47510004AA22E /* LiveMenuResultModel.swift */; };
		5733CC671EB47EF4004AA22E /* MineModel.swift in Sources */ = {isa = PBXBuildFile; fileRef = 5733CC661EB47EF4004AA22E /* MineModel.swift */; };
		5733CC691EB485C8004AA22E /* LAXAFManager.swift in Sources */ = {isa = PBXBuildFile; fileRef = 5733CC681EB485C8004AA22E /* LAXAFManager.swift */; };
		5733CC6B1EB485FF004AA22E /* LAXMJRefressManager.swift in Sources */ = {isa = PBXBuildFile; fileRef = 5733CC6A1EB485FF004AA22E /* LAXMJRefressManager.swift */; };
		573517591EBDACBF00A940B8 /* LiveTypeCollectionViewController.xib in Resources */ = {isa = PBXBuildFile; fileRef = 573517581EBDACBF00A940B8 /* LiveTypeCollectionViewController.xib */; };
		5735175B1EBDC21C00A940B8 /* LiveListCollectionViewController.xib in Resources */ = {isa = PBXBuildFile; fileRef = 5735175A1EBDC21C00A940B8 /* LiveListCollectionViewController.xib */; };
		5735175D1EBDC57300A940B8 /* StatusBackgroundView.swift in Sources */ = {isa = PBXBuildFile; fileRef = 5735175C1EBDC57300A940B8 /* StatusBackgroundView.swift */; };
		573FC64F1E710AB700443B6C /* LaunchScreen.storyboard in Resources */ = {isa = PBXBuildFile; fileRef = 573FC6371E710AB700443B6C /* LaunchScreen.storyboard */; };
		573FC6511E710AB700443B6C /* Main.storyboard in Resources */ = {isa = PBXBuildFile; fileRef = 573FC63B1E710AB700443B6C /* Main.storyboard */; };
		573FC6561E710AB700443B6C /* MLTVAppDelegate.swift in Sources */ = {isa = PBXBuildFile; fileRef = 573FC64D1E710AB700443B6C /* MLTVAppDelegate.swift */; };
		576A266C1EADDAB4006DD20D /* LiveChatModel.swift in Sources */ = {isa = PBXBuildFile; fileRef = 576A26691EADDAB4006DD20D /* LiveChatModel.swift */; };
		576A266D1EADDAB4006DD20D /* STTModel.m in Sources */ = {isa = PBXBuildFile; fileRef = 576A266B1EADDAB4006DD20D /* STTModel.m */; };
		576A26731EADDB3F006DD20D /* LiveChatManager.m in Sources */ = {isa = PBXBuildFile; fileRef = 576A26701EADDB3F006DD20D /* LiveChatManager.m */; };
		576A26741EADDB3F006DD20D /* STTSerialization.m in Sources */ = {isa = PBXBuildFile; fileRef = 576A26721EADDB3F006DD20D /* STTSerialization.m */; };
		576A26771EADDC95006DD20D /* GCDAsyncSocket.m in Sources */ = {isa = PBXBuildFile; fileRef = 576A26761EADDC95006DD20D /* GCDAsyncSocket.m */; };
		576A79CD1EBCB33D0036653F /* AttentionViewController.swift in Sources */ = {isa = PBXBuildFile; fileRef = 576A79901EBCB33D0036653F /* AttentionViewController.swift */; };
		576A79CE1EBCB33D0036653F /* AttentionViewController.xib in Resources */ = {isa = PBXBuildFile; fileRef = 576A79911EBCB33D0036653F /* AttentionViewController.xib */; };
		576A79CF1EBCB33D0036653F /* BaseViewController.swift in Sources */ = {isa = PBXBuildFile; fileRef = 576A79931EBCB33D0036653F /* BaseViewController.swift */; };
		576A79D01EBCB33D0036653F /* DetailViewController.swift in Sources */ = {isa = PBXBuildFile; fileRef = 576A79941EBCB33D0036653F /* DetailViewController.swift */; };
		576A79D11EBCB33D0036653F /* RootViewController.swift in Sources */ = {isa = PBXBuildFile; fileRef = 576A79951EBCB33D0036653F /* RootViewController.swift */; };
		576A79D21EBCB33D0036653F /* LiveListCollectionViewController.swift in Sources */ = {isa = PBXBuildFile; fileRef = 576A79971EBCB33D0036653F /* LiveListCollectionViewController.swift */; };
		576A79D31EBCB33D0036653F /* LiveTypeCollectionViewController.swift in Sources */ = {isa = PBXBuildFile; fileRef = 576A79981EBCB33D0036653F /* LiveTypeCollectionViewController.swift */; };
		576A79D41EBCB33D0036653F /* LiveViewController.swift in Sources */ = {isa = PBXBuildFile; fileRef = 576A79991EBCB33D0036653F /* LiveViewController.swift */; };
		576A79D51EBCB33D0036653F /* LiveViewController.xib in Resources */ = {isa = PBXBuildFile; fileRef = 576A799A1EBCB33D0036653F /* LiveViewController.xib */; };
		576A79D61EBCB33D0036653F /* ChangePwdViewController.swift in Sources */ = {isa = PBXBuildFile; fileRef = 576A799C1EBCB33D0036653F /* ChangePwdViewController.swift */; };
		576A79D71EBCB33D0036653F /* ChangePwdViewController.xib in Resources */ = {isa = PBXBuildFile; fileRef = 576A799D1EBCB33D0036653F /* ChangePwdViewController.xib */; };
		576A79D81EBCB33D0036653F /* LoginViewController.swift in Sources */ = {isa = PBXBuildFile; fileRef = 576A799E1EBCB33D0036653F /* LoginViewController.swift */; };
		576A79D91EBCB33D0036653F /* LoginViewController.xib in Resources */ = {isa = PBXBuildFile; fileRef = 576A799F1EBCB33D0036653F /* LoginViewController.xib */; };
		576A79DA1EBCB33D0036653F /* RegisterViewController.swift in Sources */ = {isa = PBXBuildFile; fileRef = 576A79A01EBCB33D0036653F /* RegisterViewController.swift */; };
		576A79DB1EBCB33D0036653F /* RegisterViewController.xib in Resources */ = {isa = PBXBuildFile; fileRef = 576A79A11EBCB33D0036653F /* RegisterViewController.xib */; };
		576A79DC1EBCB33D0036653F /* LiveRoomViewController.swift in Sources */ = {isa = PBXBuildFile; fileRef = 576A79A31EBCB33D0036653F /* LiveRoomViewController.swift */; };
		576A79DD1EBCB33D0036653F /* LiveRoomViewController.xib in Resources */ = {isa = PBXBuildFile; fileRef = 576A79A41EBCB33D0036653F /* LiveRoomViewController.xib */; };
		576A79DE1EBCB33D0036653F /* MainViewController.swift in Sources */ = {isa = PBXBuildFile; fileRef = 576A79A51EBCB33D0036653F /* MainViewController.swift */; };
		576A79DF1EBCB33D0036653F /* MainViewController.xib in Resources */ = {isa = PBXBuildFile; fileRef = 576A79A61EBCB33D0036653F /* MainViewController.xib */; };
		576A79E01EBCB33D0036653F /* MineViewController.swift in Sources */ = {isa = PBXBuildFile; fileRef = 576A79A81EBCB33D0036653F /* MineViewController.swift */; };
		576A79E11EBCB33D0036653F /* PersonalViewController.swift in Sources */ = {isa = PBXBuildFile; fileRef = 576A79A91EBCB33D0036653F /* PersonalViewController.swift */; };
		576A79E21EBCB33D0036653F /* PersonalViewController.xib in Resources */ = {isa = PBXBuildFile; fileRef = 576A79AA1EBCB33D0036653F /* PersonalViewController.xib */; };
		576A79E31EBCB33D0036653F /* SettingViewController.swift in Sources */ = {isa = PBXBuildFile; fileRef = 576A79AB1EBCB33D0036653F /* SettingViewController.swift */; };
		576A79E41EBCB33D0036653F /* SettingViewController.xib in Resources */ = {isa = PBXBuildFile; fileRef = 576A79AC1EBCB33D0036653F /* SettingViewController.xib */; };
		576A79E51EBCB33D0036653F /* PlayerViewController.swift in Sources */ = {isa = PBXBuildFile; fileRef = 576A79AE1EBCB33D0036653F /* PlayerViewController.swift */; };
		576A79E61EBCB33D0036653F /* PlayerViewController.xib in Resources */ = {isa = PBXBuildFile; fileRef = 576A79AF1EBCB33D0036653F /* PlayerViewController.xib */; };
		576A79E81EBCB33D0036653F /* LAXCustomButton.swift in Sources */ = {isa = PBXBuildFile; fileRef = 576A79B31EBCB33D0036653F /* LAXCustomButton.swift */; };
		576A79E91EBCB33D0036653F /* LoadPlaceholderView.swift in Sources */ = {isa = PBXBuildFile; fileRef = 576A79B41EBCB33D0036653F /* LoadPlaceholderView.swift */; };
		576A79EA1EBCB33D0036653F /* LoginView.swift in Sources */ = {isa = PBXBuildFile; fileRef = 576A79B51EBCB33D0036653F /* LoginView.swift */; };
		576A79EB1EBCB33D0036653F /* LoginView.xib in Resources */ = {isa = PBXBuildFile; fileRef = 576A79B61EBCB33D0036653F /* LoginView.xib */; };
		576A79EF1EBCB33D0036653F /* MainCollectionViewCell.swift in Sources */ = {isa = PBXBuildFile; fileRef = 576A79BC1EBCB33D0036653F /* MainCollectionViewCell.swift */; };
		576A79F01EBCB33D0036653F /* MainCollectionViewCell.xib in Resources */ = {isa = PBXBuildFile; fileRef = 576A79BD1EBCB33D0036653F /* MainCollectionViewCell.xib */; };
		576A79F11EBCB33D0036653F /* MainHeaderView.swift in Sources */ = {isa = PBXBuildFile; fileRef = 576A79BE1EBCB33D0036653F /* MainHeaderView.swift */; };
		576A79F21EBCB33D0036653F /* MainHeaderView.xib in Resources */ = {isa = PBXBuildFile; fileRef = 576A79BF1EBCB33D0036653F /* MainHeaderView.xib */; };
		576A79F31EBCB33D0036653F /* MainSectionHeaderView.swift in Sources */ = {isa = PBXBuildFile; fileRef = 576A79C01EBCB33D0036653F /* MainSectionHeaderView.swift */; };
		576A79F41EBCB33D0036653F /* MainSectionHeaderView.xib in Resources */ = {isa = PBXBuildFile; fileRef = 576A79C11EBCB33D0036653F /* MainSectionHeaderView.xib */; };
		576A79F51EBCB33D0036653F /* MainTopCollectionView.swift in Sources */ = {isa = PBXBuildFile; fileRef = 576A79C21EBCB33D0036653F /* MainTopCollectionView.swift */; };
		576A79F61EBCB33D0036653F /* MainTopCollectionViewCell.swift in Sources */ = {isa = PBXBuildFile; fileRef = 576A79C31EBCB33D0036653F /* MainTopCollectionViewCell.swift */; };
		576A79F71EBCB33D0036653F /* MainTopCollectionViewCell.xib in Resources */ = {isa = PBXBuildFile; fileRef = 576A79C41EBCB33D0036653F /* MainTopCollectionViewCell.xib */; };
		576A79F81EBCB33D0036653F /* MineCollectionView.swift in Sources */ = {isa = PBXBuildFile; fileRef = 576A79C61EBCB33D0036653F /* MineCollectionView.swift */; };
		576A79F91EBCB33D0036653F /* MineCollectionViewCell.swift in Sources */ = {isa = PBXBuildFile; fileRef = 576A79C71EBCB33D0036653F /* MineCollectionViewCell.swift */; };
		576A79FA1EBCB33D0036653F /* MineCollectionViewCell.xib in Resources */ = {isa = PBXBuildFile; fileRef = 576A79C81EBCB33D0036653F /* MineCollectionViewCell.xib */; };
		576A79FB1EBCB33D0036653F /* PersonalTableViewCell.swift in Sources */ = {isa = PBXBuildFile; fileRef = 576A79C91EBCB33D0036653F /* PersonalTableViewCell.swift */; };
		576A79FC1EBCB33D0036653F /* PersonalTableViewCell.xib in Resources */ = {isa = PBXBuildFile; fileRef = 576A79CA1EBCB33D0036653F /* PersonalTableViewCell.xib */; };
		576A79FD1EBCB33D0036653F /* SettingTableViewCell.swift in Sources */ = {isa = PBXBuildFile; fileRef = 576A79CB1EBCB33D0036653F /* SettingTableViewCell.swift */; };
		576A79FE1EBCB33D0036653F /* SettingTableViewCell.xib in Resources */ = {isa = PBXBuildFile; fileRef = 576A79CC1EBCB33D0036653F /* SettingTableViewCell.xib */; };
		576A7A001EBCC3AC0036653F /* LiveDemoManager.swift in Sources */ = {isa = PBXBuildFile; fileRef = 576A79FF1EBCC3AC0036653F /* LiveDemoManager.swift */; };
		576F745C1EC30D07007E3799 /* Security.framework in Frameworks */ = {isa = PBXBuildFile; fileRef = 576F745B1EC30D07007E3799 /* Security.framework */; };
		577C04C01ED29B930091536E /* LiveLoadingView.swift in Sources */ = {isa = PBXBuildFile; fileRef = 577C04BE1ED29B930091536E /* LiveLoadingView.swift */; };
		577C04C11ED29B930091536E /* LiveLoadingView.xib in Resources */ = {isa = PBXBuildFile; fileRef = 577C04BF1ED29B930091536E /* LiveLoadingView.xib */; };
		5791409D1E8789EB006EF3AF /* VideoToolbox.framework in Frameworks */ = {isa = PBXBuildFile; fileRef = 5791409C1E8789EB006EF3AF /* VideoToolbox.framework */; };
		5791409F1E8789F5006EF3AF /* SystemConfiguration.framework in Frameworks */ = {isa = PBXBuildFile; fileRef = 5791409E1E8789F5006EF3AF /* SystemConfiguration.framework */; };
		579140A11E878A02006EF3AF /* CoreTelephony.framework in Frameworks */ = {isa = PBXBuildFile; fileRef = 579140A01E878A02006EF3AF /* CoreTelephony.framework */; };
		579140A31E878A14006EF3AF /* AVFoundation.framework in Frameworks */ = {isa = PBXBuildFile; fileRef = 579140A21E878A14006EF3AF /* AVFoundation.framework */; };
		579140A51E878A20006EF3AF /* CoreMedia.framework in Frameworks */ = {isa = PBXBuildFile; fileRef = 579140A41E878A20006EF3AF /* CoreMedia.framework */; };
		579140A71E878A2D006EF3AF /* CoreGraphics.framework in Frameworks */ = {isa = PBXBuildFile; fileRef = 579140A61E878A2D006EF3AF /* CoreGraphics.framework */; };
		579140A91E878A44006EF3AF /* libstdc++.tbd in Frameworks */ = {isa = PBXBuildFile; fileRef = 579140A81E878A44006EF3AF /* libstdc++.tbd */; };
		579140AB1E878A5A006EF3AF /* libz.tbd in Frameworks */ = {isa = PBXBuildFile; fileRef = 579140AA1E878A5A006EF3AF /* libz.tbd */; };
		579140AD1E878A68006EF3AF /* libiconv.tbd in Frameworks */ = {isa = PBXBuildFile; fileRef = 579140AC1E878A68006EF3AF /* libiconv.tbd */; };
		579140AF1E878A7E006EF3AF /* libresolv.tbd in Frameworks */ = {isa = PBXBuildFile; fileRef = 579140AE1E878A7E006EF3AF /* libresolv.tbd */; };
		57AF01871EB58B6600751DAD /* LiveTypeResultModel.swift in Sources */ = {isa = PBXBuildFile; fileRef = 57AF01861EB58B6600751DAD /* LiveTypeResultModel.swift */; };
		57AF01891EB58CF100751DAD /* LiveListResultModel.swift in Sources */ = {isa = PBXBuildFile; fileRef = 57AF01881EB58CF100751DAD /* LiveListResultModel.swift */; };
		57B030F61ED4364D005663C0 /* LiveChatTableView.swift in Sources */ = {isa = PBXBuildFile; fileRef = 57B030F51ED4364D005663C0 /* LiveChatTableView.swift */; };
		57B84F131EA3846A00191FD7 /* Reachability.m in Sources */ = {isa = PBXBuildFile; fileRef = 57B84F111EA3846A00191FD7 /* Reachability.m */; };
		57C950571EA711C90072D13E /* LiveRoomResultModel.swift in Sources */ = {isa = PBXBuildFile; fileRef = 57C950561EA711C90072D13E /* LiveRoomResultModel.swift */; };
		57C9505C1EA743A00072D13E /* LAXReachabilityManager.swift in Sources */ = {isa = PBXBuildFile; fileRef = 57C9505B1EA743A00072D13E /* LAXReachabilityManager.swift */; };
		57C9505E1EA7500B0072D13E /* LAXTimerManager.swift in Sources */ = {isa = PBXBuildFile; fileRef = 57C9505D1EA7500B0072D13E /* LAXTimerManager.swift */; };
		57CE03991E6FF8C6005A0780 /* Assets.xcassets in Resources */ = {isa = PBXBuildFile; fileRef = 57CE03981E6FF8C6005A0780 /* Assets.xcassets */; };
		57DC19A61E9DDAB40024A51D /* RoomListResultModel.swift in Sources */ = {isa = PBXBuildFile; fileRef = 57DC19321E9DDAB40024A51D /* RoomListResultModel.swift */; };
		57DC19A81E9DDAB40024A51D /* CCMBorderView.m in Sources */ = {isa = PBXBuildFile; fileRef = 57DC19391E9DDAB40024A51D /* CCMBorderView.m */; };
		57DC19A91E9DDAB40024A51D /* LICENSE in Resources */ = {isa = PBXBuildFile; fileRef = 57DC193A1E9DDAB40024A51D /* LICENSE */; };
		57DC19AA1E9DDAB40024A51D /* README.md in Sources */ = {isa = PBXBuildFile; fileRef = 57DC193B1E9DDAB40024A51D /* README.md */; };
		57DC19AB1E9DDAB40024A51D /* CocoaSecurity.m in Sources */ = {isa = PBXBuildFile; fileRef = 57DC193E1E9DDAB40024A51D /* CocoaSecurity.m */; };
		57DC19AC1E9DDAB40024A51D /* LAXAlertView.swift in Sources */ = {isa = PBXBuildFile; fileRef = 57DC19411E9DDAB40024A51D /* LAXAlertView.swift */; };
		57DC19AD1E9DDAB40024A51D /* LAXAnimation.m in Sources */ = {isa = PBXBuildFile; fileRef = 57DC19441E9DDAB40024A51D /* LAXAnimation.m */; };
		57DC19AE1E9DDAB40024A51D /* LAXAnimationedTransition.swift in Sources */ = {isa = PBXBuildFile; fileRef = 57DC19461E9DDAB40024A51D /* LAXAnimationedTransition.swift */; };
		57DC19AF1E9DDAB40024A51D /* LAXAnimationTabBar.swift in Sources */ = {isa = PBXBuildFile; fileRef = 57DC19471E9DDAB40024A51D /* LAXAnimationTabBar.swift */; };
		57DC19B01E9DDAB40024A51D /* LAXAnimationTabBarController.swift in Sources */ = {isa = PBXBuildFile; fileRef = 57DC19481E9DDAB40024A51D /* LAXAnimationTabBarController.swift */; };
		57DC19B11E9DDAB40024A51D /* Color+Custom.swift in Sources */ = {isa = PBXBuildFile; fileRef = 57DC194A1E9DDAB40024A51D /* Color+Custom.swift */; };
		57DC19B31E9DDAB40024A51D /* String+GetBounds.swift in Sources */ = {isa = PBXBuildFile; fileRef = 57DC194C1E9DDAB40024A51D /* String+GetBounds.swift */; };
		57DC19B41E9DDAB40024A51D /* String+RemoveSpace.swift in Sources */ = {isa = PBXBuildFile; fileRef = 57DC194D1E9DDAB40024A51D /* String+RemoveSpace.swift */; };
		57DC19B51E9DDAB40024A51D /* UIImageView+ShowInWindow.m in Sources */ = {isa = PBXBuildFile; fileRef = 57DC194F1E9DDAB40024A51D /* UIImageView+ShowInWindow.m */; };
		57DC19B71E9DDAB40024A51D /* LAXCameraViewController.swift in Sources */ = {isa = PBXBuildFile; fileRef = 57DC19521E9DDAB40024A51D /* LAXCameraViewController.swift */; };
		57DC19B81E9DDAB40024A51D /* LAXImagePickerController.swift in Sources */ = {isa = PBXBuildFile; fileRef = 57DC19531E9DDAB40024A51D /* LAXImagePickerController.swift */; };
		57DC19B91E9DDAB40024A51D /* LAXLocationManager.swift in Sources */ = {isa = PBXBuildFile; fileRef = 57DC19551E9DDAB40024A51D /* LAXLocationManager.swift */; };
		57DC19BA1E9DDAB40024A51D /* LAXMenuBar.swift in Sources */ = {isa = PBXBuildFile; fileRef = 57DC19571E9DDAB40024A51D /* LAXMenuBar.swift */; };
		57DC19BB1E9DDAB40024A51D /* LAXMenuBarController.swift in Sources */ = {isa = PBXBuildFile; fileRef = 57DC19581E9DDAB40024A51D /* LAXMenuBarController.swift */; };
		57DC19BC1E9DDAB40024A51D /* LAXSplitLineView.swift in Sources */ = {isa = PBXBuildFile; fileRef = 57DC19591E9DDAB40024A51D /* LAXSplitLineView.swift */; };
		57DC19BD1E9DDAB40024A51D /* LAXMeViewController.swift in Sources */ = {isa = PBXBuildFile; fileRef = 57DC195B1E9DDAB40024A51D /* LAXMeViewController.swift */; };
		57DC19BE1E9DDAB40024A51D /* LAXNavigationBar.swift in Sources */ = {isa = PBXBuildFile; fileRef = 57DC195D1E9DDAB40024A51D /* LAXNavigationBar.swift */; };
		57DC19BF1E9DDAB40024A51D /* LAXNavigationController.swift in Sources */ = {isa = PBXBuildFile; fileRef = 57DC195E1E9DDAB40024A51D /* LAXNavigationController.swift */; };
		57DC19C21E9DDAB40024A51D /* LAXTabBarPlus.swift in Sources */ = {isa = PBXBuildFile; fileRef = 57DC19631E9DDAB40024A51D /* LAXTabBarPlus.swift */; };
		57DC19C31E9DDAB40024A51D /* LAXTabBarPlusController.swift in Sources */ = {isa = PBXBuildFile; fileRef = 57DC19641E9DDAB40024A51D /* LAXTabBarPlusController.swift */; };
		57DC19C41E9DDAB40024A51D /* ChatTextView.m in Sources */ = {isa = PBXBuildFile; fileRef = 57DC19671E9DDAB40024A51D /* ChatTextView.m */; };
		57DC19C51E9DDAB40024A51D /* LAXTextView.m in Sources */ = {isa = PBXBuildFile; fileRef = 57DC19691E9DDAB40024A51D /* LAXTextView.m */; };
		57DC19C71E9DDAB40024A51D /* LAXConstantHeader.swift in Sources */ = {isa = PBXBuildFile; fileRef = 57DC196C1E9DDAB40024A51D /* LAXConstantHeader.swift */; };
		57DC19C91E9DDAB40024A51D /* ConstantHeader.swift in Sources */ = {isa = PBXBuildFile; fileRef = 57DC196F1E9DDAB40024A51D /* ConstantHeader.swift */; };
		57DC19CA1E9DDAB40024A51D /* Util.swift in Sources */ = {isa = PBXBuildFile; fileRef = 57DC19711E9DDAB40024A51D /* Util.swift */; };
		57DC19EF1E9DDAB40024A51D /* MainViewModel.swift in Sources */ = {isa = PBXBuildFile; fileRef = 57DC19A51E9DDAB40024A51D /* MainViewModel.swift */; };
		57E30F1D1EA48869008525AD /* LAXAlertLabelView.swift in Sources */ = {isa = PBXBuildFile; fileRef = 57E30F1B1EA48869008525AD /* LAXAlertLabelView.swift */; };
		57E30F981EA48AEF008525AD /* LAXTabBar.swift in Sources */ = {isa = PBXBuildFile; fileRef = 57E30F961EA48AEF008525AD /* LAXTabBar.swift */; };
		57E30F991EA48AEF008525AD /* LAXTabBarController.swift in Sources */ = {isa = PBXBuildFile; fileRef = 57E30F971EA48AEF008525AD /* LAXTabBarController.swift */; };
		57E30FDC1EA48BD5008525AD /* UIViewController+AlertView.swift in Sources */ = {isa = PBXBuildFile; fileRef = 57E30FDB1EA48BD5008525AD /* UIViewController+AlertView.swift */; };
		57E310541EA4B7FF008525AD /* LAXKeyBoard.swift in Sources */ = {isa = PBXBuildFile; fileRef = 57E310531EA4B7FF008525AD /* LAXKeyBoard.swift */; };
		57E310581EA4BA8A008525AD /* NetworkActivityIndicator.swift in Sources */ = {isa = PBXBuildFile; fileRef = 57E310571EA4BA8A008525AD /* NetworkActivityIndicator.swift */; };
		57F9501C1EDC4F6C00468DFA /* ChatTableViewCell.swift in Sources */ = {isa = PBXBuildFile; fileRef = 57F950191EDC4F6C00468DFA /* ChatTableViewCell.swift */; };
		57F9501D1EDC4F6C00468DFA /* ChatTableViewCell.xib in Resources */ = {isa = PBXBuildFile; fileRef = 57F9501A1EDC4F6C00468DFA /* ChatTableViewCell.xib */; };
		57F950201EDC4F8B00468DFA /* LiveDetailUIHView.swift in Sources */ = {isa = PBXBuildFile; fileRef = 57F9501F1EDC4F8B00468DFA /* LiveDetailUIHView.swift */; };
		57F950221EDC577400468DFA /* BarrageView.swift in Sources */ = {isa = PBXBuildFile; fileRef = 57F950211EDC577400468DFA /* BarrageView.swift */; };
/* End PBXBuildFile section */

/* Begin PBXFileReference section */
		5708B7001EBC17F8004D4B4E /* libsqlite3.tbd */ = {isa = PBXFileReference; lastKnownFileType = "sourcecode.text-based-dylib-definition"; name = libsqlite3.tbd; path = usr/lib/libsqlite3.tbd; sourceTree = SDKROOT; };
		5708B7021EBC1941004D4B4E /* Accelerate.framework */ = {isa = PBXFileReference; lastKnownFileType = wrapper.framework; name = Accelerate.framework; path = System/Library/Frameworks/Accelerate.framework; sourceTree = SDKROOT; };
		5708B7041EBC19D3004D4B4E /* libstdc++.6.tbd */ = {isa = PBXFileReference; lastKnownFileType = "sourcecode.text-based-dylib-definition"; name = "libstdc++.6.tbd"; path = "usr/lib/libstdc++.6.tbd"; sourceTree = SDKROOT; };
		5708B7061EBC1A62004D4B4E /* Foundation.framework */ = {isa = PBXFileReference; lastKnownFileType = wrapper.framework; name = Foundation.framework; path = System/Library/Frameworks/Foundation.framework; sourceTree = SDKROOT; };
		5708B7081EBC1A69004D4B4E /* UIKit.framework */ = {isa = PBXFileReference; lastKnownFileType = wrapper.framework; name = UIKit.framework; path = System/Library/Frameworks/UIKit.framework; sourceTree = SDKROOT; };
		5708B70A1EBC1B02004D4B4E /* MeiLiTV.entitlements */ = {isa = PBXFileReference; lastKnownFileType = text.plist.entitlements; path = MeiLiTV.entitlements; sourceTree = "<group>"; };
		570B7E4C1EB2E20E002EF052 /* MineViewDelegate.swift */ = {isa = PBXFileReference; fileEncoding = 4; lastKnownFileType = sourcecode.swift; path = MineViewDelegate.swift; sourceTree = "<group>"; };
		571F0EB61E8E5E9B005DA7B2 /* CoreLocation.framework */ = {isa = PBXFileReference; lastKnownFileType = wrapper.framework; name = CoreLocation.framework; path = System/Library/Frameworks/CoreLocation.framework; sourceTree = SDKROOT; };
		572789611E9F0EE800A14FDA /* TAAbstractDotView.h */ = {isa = PBXFileReference; fileEncoding = 4; lastKnownFileType = sourcecode.c.h; path = TAAbstractDotView.h; sourceTree = "<group>"; };
		572789621E9F0EE800A14FDA /* TAAbstractDotView.m */ = {isa = PBXFileReference; fileEncoding = 4; lastKnownFileType = sourcecode.c.objc; path = TAAbstractDotView.m; sourceTree = "<group>"; };
		572789631E9F0EE800A14FDA /* TAAnimatedDotView.h */ = {isa = PBXFileReference; fileEncoding = 4; lastKnownFileType = sourcecode.c.h; path = TAAnimatedDotView.h; sourceTree = "<group>"; };
		572789641E9F0EE800A14FDA /* TAAnimatedDotView.m */ = {isa = PBXFileReference; fileEncoding = 4; lastKnownFileType = sourcecode.c.objc; path = TAAnimatedDotView.m; sourceTree = "<group>"; };
		572789651E9F0EE800A14FDA /* TADotView.h */ = {isa = PBXFileReference; fileEncoding = 4; lastKnownFileType = sourcecode.c.h; path = TADotView.h; sourceTree = "<group>"; };
		572789661E9F0EE800A14FDA /* TADotView.m */ = {isa = PBXFileReference; fileEncoding = 4; lastKnownFileType = sourcecode.c.objc; path = TADotView.m; sourceTree = "<group>"; };
		572789671E9F0EE800A14FDA /* TAPageControl.h */ = {isa = PBXFileReference; fileEncoding = 4; lastKnownFileType = sourcecode.c.h; path = TAPageControl.h; sourceTree = "<group>"; };
		572789681E9F0EE800A14FDA /* TAPageControl.m */ = {isa = PBXFileReference; fileEncoding = 4; lastKnownFileType = sourcecode.c.objc; path = TAPageControl.m; sourceTree = "<group>"; };
		572789691E9F0EE800A14FDA /* SDCollectionViewCell.h */ = {isa = PBXFileReference; fileEncoding = 4; lastKnownFileType = sourcecode.c.h; path = SDCollectionViewCell.h; sourceTree = "<group>"; };
		5727896A1E9F0EE800A14FDA /* SDCollectionViewCell.m */ = {isa = PBXFileReference; fileEncoding = 4; lastKnownFileType = sourcecode.c.objc; path = SDCollectionViewCell.m; sourceTree = "<group>"; };
		5727896B1E9F0EE800A14FDA /* SDCycleScrollView.h */ = {isa = PBXFileReference; fileEncoding = 4; lastKnownFileType = sourcecode.c.h; path = SDCycleScrollView.h; sourceTree = "<group>"; };
		5727896C1E9F0EE800A14FDA /* SDCycleScrollView.m */ = {isa = PBXFileReference; fileEncoding = 4; lastKnownFileType = sourcecode.c.objc; path = SDCycleScrollView.m; sourceTree = "<group>"; };
		5727896D1E9F0EE800A14FDA /* UIView+SDExtension.h */ = {isa = PBXFileReference; fileEncoding = 4; lastKnownFileType = sourcecode.c.h; path = "UIView+SDExtension.h"; sourceTree = "<group>"; };
		5727896E1E9F0EE800A14FDA /* UIView+SDExtension.m */ = {isa = PBXFileReference; fileEncoding = 4; lastKnownFileType = sourcecode.c.objc; path = "UIView+SDExtension.m"; sourceTree = "<group>"; };
		5727897A1E9F11A600A14FDA /* MainViewDelegate.swift */ = {isa = PBXFileReference; fileEncoding = 4; lastKnownFileType = sourcecode.swift; path = MainViewDelegate.swift; sourceTree = "<group>"; };
		5727897F1E9F206F00A14FDA /* SliderResultModel.swift */ = {isa = PBXFileReference; fileEncoding = 4; lastKnownFileType = sourcecode.swift; path = SliderResultModel.swift; sourceTree = "<group>"; };
		572789881E9F402900A14FDA /* BaseJSONModel.h */ = {isa = PBXFileReference; fileEncoding = 4; lastKnownFileType = sourcecode.c.h; path = BaseJSONModel.h; sourceTree = "<group>"; };
		572789891E9F402900A14FDA /* BaseJSONModel.m */ = {isa = PBXFileReference; fileEncoding = 4; lastKnownFileType = sourcecode.c.objc; path = BaseJSONModel.m; sourceTree = "<group>"; };
		5733CC571EB46CD2004AA22E /* LiveViewModel.swift */ = {isa = PBXFileReference; fileEncoding = 4; lastKnownFileType = sourcecode.swift; path = LiveViewModel.swift; sourceTree = "<group>"; };
		5733CC5C1EB47510004AA22E /* LiveMenuResultModel.swift */ = {isa = PBXFileReference; fileEncoding = 4; lastKnownFileType = sourcecode.swift; path = LiveMenuResultModel.swift; sourceTree = "<group>"; };
		5733CC661EB47EF4004AA22E /* MineModel.swift */ = {isa = PBXFileReference; fileEncoding = 4; lastKnownFileType = sourcecode.swift; path = MineModel.swift; sourceTree = "<group>"; };
		5733CC681EB485C8004AA22E /* LAXAFManager.swift */ = {isa = PBXFileReference; fileEncoding = 4; lastKnownFileType = sourcecode.swift; path = LAXAFManager.swift; sourceTree = "<group>"; };
		5733CC6A1EB485FF004AA22E /* LAXMJRefressManager.swift */ = {isa = PBXFileReference; fileEncoding = 4; lastKnownFileType = sourcecode.swift; path = LAXMJRefressManager.swift; sourceTree = "<group>"; };
		573517581EBDACBF00A940B8 /* LiveTypeCollectionViewController.xib */ = {isa = PBXFileReference; fileEncoding = 4; lastKnownFileType = file.xib; path = LiveTypeCollectionViewController.xib; sourceTree = "<group>"; };
		5735175A1EBDC21C00A940B8 /* LiveListCollectionViewController.xib */ = {isa = PBXFileReference; fileEncoding = 4; lastKnownFileType = file.xib; path = LiveListCollectionViewController.xib; sourceTree = "<group>"; };
		5735175C1EBDC57300A940B8 /* StatusBackgroundView.swift */ = {isa = PBXFileReference; fileEncoding = 4; lastKnownFileType = sourcecode.swift; path = StatusBackgroundView.swift; sourceTree = "<group>"; };
		573FC6381E710AB700443B6C /* Base */ = {isa = PBXFileReference; lastKnownFileType = file.storyboard; name = Base; path = LaunchScreen.storyboard; sourceTree = "<group>"; };
		573FC63C1E710AB700443B6C /* Base */ = {isa = PBXFileReference; lastKnownFileType = file.storyboard; name = Base; path = Main.storyboard; sourceTree = "<group>"; };
		573FC64D1E710AB700443B6C /* MLTVAppDelegate.swift */ = {isa = PBXFileReference; fileEncoding = 4; lastKnownFileType = sourcecode.swift; path = MLTVAppDelegate.swift; sourceTree = "<group>"; };
		573FC64E1E710AB700443B6C /* Info.plist */ = {isa = PBXFileReference; fileEncoding = 4; lastKnownFileType = text.plist.xml; path = Info.plist; sourceTree = "<group>"; };
		576A26691EADDAB4006DD20D /* LiveChatModel.swift */ = {isa = PBXFileReference; fileEncoding = 4; lastKnownFileType = sourcecode.swift; path = LiveChatModel.swift; sourceTree = "<group>"; };
		576A266A1EADDAB4006DD20D /* STTModel.h */ = {isa = PBXFileReference; fileEncoding = 4; lastKnownFileType = sourcecode.c.h; path = STTModel.h; sourceTree = "<group>"; };
		576A266B1EADDAB4006DD20D /* STTModel.m */ = {isa = PBXFileReference; fileEncoding = 4; lastKnownFileType = sourcecode.c.objc; path = STTModel.m; sourceTree = "<group>"; };
		576A266F1EADDB3F006DD20D /* LiveChatManager.h */ = {isa = PBXFileReference; fileEncoding = 4; lastKnownFileType = sourcecode.c.h; path = LiveChatManager.h; sourceTree = "<group>"; };
		576A26701EADDB3F006DD20D /* LiveChatManager.m */ = {isa = PBXFileReference; fileEncoding = 4; lastKnownFileType = sourcecode.c.objc; path = LiveChatManager.m; sourceTree = "<group>"; };
		576A26711EADDB3F006DD20D /* STTSerialization.h */ = {isa = PBXFileReference; fileEncoding = 4; lastKnownFileType = sourcecode.c.h; path = STTSerialization.h; sourceTree = "<group>"; };
		576A26721EADDB3F006DD20D /* STTSerialization.m */ = {isa = PBXFileReference; fileEncoding = 4; lastKnownFileType = sourcecode.c.objc; path = STTSerialization.m; sourceTree = "<group>"; };
		576A26751EADDC95006DD20D /* GCDAsyncSocket.h */ = {isa = PBXFileReference; fileEncoding = 4; lastKnownFileType = sourcecode.c.h; path = GCDAsyncSocket.h; sourceTree = "<group>"; };
		576A26761EADDC95006DD20D /* GCDAsyncSocket.m */ = {isa = PBXFileReference; fileEncoding = 4; lastKnownFileType = sourcecode.c.objc; path = GCDAsyncSocket.m; sourceTree = "<group>"; };
		576A79901EBCB33D0036653F /* AttentionViewController.swift */ = {isa = PBXFileReference; fileEncoding = 4; lastKnownFileType = sourcecode.swift; path = AttentionViewController.swift; sourceTree = "<group>"; };
		576A79911EBCB33D0036653F /* AttentionViewController.xib */ = {isa = PBXFileReference; fileEncoding = 4; lastKnownFileType = file.xib; path = AttentionViewController.xib; sourceTree = "<group>"; };
		576A79931EBCB33D0036653F /* BaseViewController.swift */ = {isa = PBXFileReference; fileEncoding = 4; lastKnownFileType = sourcecode.swift; path = BaseViewController.swift; sourceTree = "<group>"; };
		576A79941EBCB33D0036653F /* DetailViewController.swift */ = {isa = PBXFileReference; fileEncoding = 4; lastKnownFileType = sourcecode.swift; path = DetailViewController.swift; sourceTree = "<group>"; };
		576A79951EBCB33D0036653F /* RootViewController.swift */ = {isa = PBXFileReference; fileEncoding = 4; lastKnownFileType = sourcecode.swift; path = RootViewController.swift; sourceTree = "<group>"; };
		576A79971EBCB33D0036653F /* LiveListCollectionViewController.swift */ = {isa = PBXFileReference; fileEncoding = 4; lastKnownFileType = sourcecode.swift; path = LiveListCollectionViewController.swift; sourceTree = "<group>"; };
		576A79981EBCB33D0036653F /* LiveTypeCollectionViewController.swift */ = {isa = PBXFileReference; fileEncoding = 4; lastKnownFileType = sourcecode.swift; path = LiveTypeCollectionViewController.swift; sourceTree = "<group>"; };
		576A79991EBCB33D0036653F /* LiveViewController.swift */ = {isa = PBXFileReference; fileEncoding = 4; lastKnownFileType = sourcecode.swift; path = LiveViewController.swift; sourceTree = "<group>"; };
		576A799A1EBCB33D0036653F /* LiveViewController.xib */ = {isa = PBXFileReference; fileEncoding = 4; lastKnownFileType = file.xib; path = LiveViewController.xib; sourceTree = "<group>"; };
		576A799C1EBCB33D0036653F /* ChangePwdViewController.swift */ = {isa = PBXFileReference; fileEncoding = 4; lastKnownFileType = sourcecode.swift; path = ChangePwdViewController.swift; sourceTree = "<group>"; };
		576A799D1EBCB33D0036653F /* ChangePwdViewController.xib */ = {isa = PBXFileReference; fileEncoding = 4; lastKnownFileType = file.xib; path = ChangePwdViewController.xib; sourceTree = "<group>"; };
		576A799E1EBCB33D0036653F /* LoginViewController.swift */ = {isa = PBXFileReference; fileEncoding = 4; lastKnownFileType = sourcecode.swift; path = LoginViewController.swift; sourceTree = "<group>"; };
		576A799F1EBCB33D0036653F /* LoginViewController.xib */ = {isa = PBXFileReference; fileEncoding = 4; lastKnownFileType = file.xib; path = LoginViewController.xib; sourceTree = "<group>"; };
		576A79A01EBCB33D0036653F /* RegisterViewController.swift */ = {isa = PBXFileReference; fileEncoding = 4; lastKnownFileType = sourcecode.swift; path = RegisterViewController.swift; sourceTree = "<group>"; };
		576A79A11EBCB33D0036653F /* RegisterViewController.xib */ = {isa = PBXFileReference; fileEncoding = 4; lastKnownFileType = file.xib; path = RegisterViewController.xib; sourceTree = "<group>"; };
		576A79A31EBCB33D0036653F /* LiveRoomViewController.swift */ = {isa = PBXFileReference; fileEncoding = 4; lastKnownFileType = sourcecode.swift; path = LiveRoomViewController.swift; sourceTree = "<group>"; };
		576A79A41EBCB33D0036653F /* LiveRoomViewController.xib */ = {isa = PBXFileReference; fileEncoding = 4; lastKnownFileType = file.xib; path = LiveRoomViewController.xib; sourceTree = "<group>"; };
		576A79A51EBCB33D0036653F /* MainViewController.swift */ = {isa = PBXFileReference; fileEncoding = 4; lastKnownFileType = sourcecode.swift; path = MainViewController.swift; sourceTree = "<group>"; };
		576A79A61EBCB33D0036653F /* MainViewController.xib */ = {isa = PBXFileReference; fileEncoding = 4; lastKnownFileType = file.xib; path = MainViewController.xib; sourceTree = "<group>"; };
		576A79A81EBCB33D0036653F /* MineViewController.swift */ = {isa = PBXFileReference; fileEncoding = 4; lastKnownFileType = sourcecode.swift; path = MineViewController.swift; sourceTree = "<group>"; };
		576A79A91EBCB33D0036653F /* PersonalViewController.swift */ = {isa = PBXFileReference; fileEncoding = 4; lastKnownFileType = sourcecode.swift; path = PersonalViewController.swift; sourceTree = "<group>"; };
		576A79AA1EBCB33D0036653F /* PersonalViewController.xib */ = {isa = PBXFileReference; fileEncoding = 4; lastKnownFileType = file.xib; path = PersonalViewController.xib; sourceTree = "<group>"; };
		576A79AB1EBCB33D0036653F /* SettingViewController.swift */ = {isa = PBXFileReference; fileEncoding = 4; lastKnownFileType = sourcecode.swift; path = SettingViewController.swift; sourceTree = "<group>"; };
		576A79AC1EBCB33D0036653F /* SettingViewController.xib */ = {isa = PBXFileReference; fileEncoding = 4; lastKnownFileType = file.xib; path = SettingViewController.xib; sourceTree = "<group>"; };
		576A79AE1EBCB33D0036653F /* PlayerViewController.swift */ = {isa = PBXFileReference; fileEncoding = 4; lastKnownFileType = sourcecode.swift; path = PlayerViewController.swift; sourceTree = "<group>"; };
		576A79AF1EBCB33D0036653F /* PlayerViewController.xib */ = {isa = PBXFileReference; fileEncoding = 4; lastKnownFileType = file.xib; path = PlayerViewController.xib; sourceTree = "<group>"; };
		576A79B31EBCB33D0036653F /* LAXCustomButton.swift */ = {isa = PBXFileReference; fileEncoding = 4; lastKnownFileType = sourcecode.swift; path = LAXCustomButton.swift; sourceTree = "<group>"; };
		576A79B41EBCB33D0036653F /* LoadPlaceholderView.swift */ = {isa = PBXFileReference; fileEncoding = 4; lastKnownFileType = sourcecode.swift; path = LoadPlaceholderView.swift; sourceTree = "<group>"; };
		576A79B51EBCB33D0036653F /* LoginView.swift */ = {isa = PBXFileReference; fileEncoding = 4; lastKnownFileType = sourcecode.swift; path = LoginView.swift; sourceTree = "<group>"; };
		576A79B61EBCB33D0036653F /* LoginView.xib */ = {isa = PBXFileReference; fileEncoding = 4; lastKnownFileType = file.xib; path = LoginView.xib; sourceTree = "<group>"; };
		576A79BC1EBCB33D0036653F /* MainCollectionViewCell.swift */ = {isa = PBXFileReference; fileEncoding = 4; lastKnownFileType = sourcecode.swift; path = MainCollectionViewCell.swift; sourceTree = "<group>"; };
		576A79BD1EBCB33D0036653F /* MainCollectionViewCell.xib */ = {isa = PBXFileReference; fileEncoding = 4; lastKnownFileType = file.xib; path = MainCollectionViewCell.xib; sourceTree = "<group>"; };
		576A79BE1EBCB33D0036653F /* MainHeaderView.swift */ = {isa = PBXFileReference; fileEncoding = 4; lastKnownFileType = sourcecode.swift; path = MainHeaderView.swift; sourceTree = "<group>"; };
		576A79BF1EBCB33D0036653F /* MainHeaderView.xib */ = {isa = PBXFileReference; fileEncoding = 4; lastKnownFileType = file.xib; path = MainHeaderView.xib; sourceTree = "<group>"; };
		576A79C01EBCB33D0036653F /* MainSectionHeaderView.swift */ = {isa = PBXFileReference; fileEncoding = 4; lastKnownFileType = sourcecode.swift; path = MainSectionHeaderView.swift; sourceTree = "<group>"; };
		576A79C11EBCB33D0036653F /* MainSectionHeaderView.xib */ = {isa = PBXFileReference; fileEncoding = 4; lastKnownFileType = file.xib; path = MainSectionHeaderView.xib; sourceTree = "<group>"; };
		576A79C21EBCB33D0036653F /* MainTopCollectionView.swift */ = {isa = PBXFileReference; fileEncoding = 4; lastKnownFileType = sourcecode.swift; path = MainTopCollectionView.swift; sourceTree = "<group>"; };
		576A79C31EBCB33D0036653F /* MainTopCollectionViewCell.swift */ = {isa = PBXFileReference; fileEncoding = 4; lastKnownFileType = sourcecode.swift; path = MainTopCollectionViewCell.swift; sourceTree = "<group>"; };
		576A79C41EBCB33D0036653F /* MainTopCollectionViewCell.xib */ = {isa = PBXFileReference; fileEncoding = 4; lastKnownFileType = file.xib; path = MainTopCollectionViewCell.xib; sourceTree = "<group>"; };
		576A79C61EBCB33D0036653F /* MineCollectionView.swift */ = {isa = PBXFileReference; fileEncoding = 4; lastKnownFileType = sourcecode.swift; path = MineCollectionView.swift; sourceTree = "<group>"; };
		576A79C71EBCB33D0036653F /* MineCollectionViewCell.swift */ = {isa = PBXFileReference; fileEncoding = 4; lastKnownFileType = sourcecode.swift; path = MineCollectionViewCell.swift; sourceTree = "<group>"; };
		576A79C81EBCB33D0036653F /* MineCollectionViewCell.xib */ = {isa = PBXFileReference; fileEncoding = 4; lastKnownFileType = file.xib; path = MineCollectionViewCell.xib; sourceTree = "<group>"; };
		576A79C91EBCB33D0036653F /* PersonalTableViewCell.swift */ = {isa = PBXFileReference; fileEncoding = 4; lastKnownFileType = sourcecode.swift; path = PersonalTableViewCell.swift; sourceTree = "<group>"; };
		576A79CA1EBCB33D0036653F /* PersonalTableViewCell.xib */ = {isa = PBXFileReference; fileEncoding = 4; lastKnownFileType = file.xib; path = PersonalTableViewCell.xib; sourceTree = "<group>"; };
		576A79CB1EBCB33D0036653F /* SettingTableViewCell.swift */ = {isa = PBXFileReference; fileEncoding = 4; lastKnownFileType = sourcecode.swift; path = SettingTableViewCell.swift; sourceTree = "<group>"; };
		576A79CC1EBCB33D0036653F /* SettingTableViewCell.xib */ = {isa = PBXFileReference; fileEncoding = 4; lastKnownFileType = file.xib; path = SettingTableViewCell.xib; sourceTree = "<group>"; };
		576A79FF1EBCC3AC0036653F /* LiveDemoManager.swift */ = {isa = PBXFileReference; fileEncoding = 4; lastKnownFileType = sourcecode.swift; path = LiveDemoManager.swift; sourceTree = "<group>"; };
		576F74591EC306DD007E3799 /* UMMobClick.framework */ = {isa = PBXFileReference; lastKnownFileType = wrapper.framework; path = UMMobClick.framework; sourceTree = "<group>"; };
		576F745B1EC30D07007E3799 /* Security.framework */ = {isa = PBXFileReference; lastKnownFileType = wrapper.framework; name = Security.framework; path = System/Library/Frameworks/Security.framework; sourceTree = SDKROOT; };
		577C04BE1ED29B930091536E /* LiveLoadingView.swift */ = {isa = PBXFileReference; fileEncoding = 4; lastKnownFileType = sourcecode.swift; path = LiveLoadingView.swift; sourceTree = "<group>"; };
		577C04BF1ED29B930091536E /* LiveLoadingView.xib */ = {isa = PBXFileReference; fileEncoding = 4; lastKnownFileType = file.xib; path = LiveLoadingView.xib; sourceTree = "<group>"; };
		5791409C1E8789EB006EF3AF /* VideoToolbox.framework */ = {isa = PBXFileReference; lastKnownFileType = wrapper.framework; name = VideoToolbox.framework; path = System/Library/Frameworks/VideoToolbox.framework; sourceTree = SDKROOT; };
		5791409E1E8789F5006EF3AF /* SystemConfiguration.framework */ = {isa = PBXFileReference; lastKnownFileType = wrapper.framework; name = SystemConfiguration.framework; path = System/Library/Frameworks/SystemConfiguration.framework; sourceTree = SDKROOT; };
		579140A01E878A02006EF3AF /* CoreTelephony.framework */ = {isa = PBXFileReference; lastKnownFileType = wrapper.framework; name = CoreTelephony.framework; path = System/Library/Frameworks/CoreTelephony.framework; sourceTree = SDKROOT; };
		579140A21E878A14006EF3AF /* AVFoundation.framework */ = {isa = PBXFileReference; lastKnownFileType = wrapper.framework; name = AVFoundation.framework; path = System/Library/Frameworks/AVFoundation.framework; sourceTree = SDKROOT; };
		579140A41E878A20006EF3AF /* CoreMedia.framework */ = {isa = PBXFileReference; lastKnownFileType = wrapper.framework; name = CoreMedia.framework; path = System/Library/Frameworks/CoreMedia.framework; sourceTree = SDKROOT; };
		579140A61E878A2D006EF3AF /* CoreGraphics.framework */ = {isa = PBXFileReference; lastKnownFileType = wrapper.framework; name = CoreGraphics.framework; path = System/Library/Frameworks/CoreGraphics.framework; sourceTree = SDKROOT; };
		579140A81E878A44006EF3AF /* libstdc++.tbd */ = {isa = PBXFileReference; lastKnownFileType = "sourcecode.text-based-dylib-definition"; name = "libstdc++.tbd"; path = "usr/lib/libstdc++.tbd"; sourceTree = SDKROOT; };
		579140AA1E878A5A006EF3AF /* libz.tbd */ = {isa = PBXFileReference; lastKnownFileType = "sourcecode.text-based-dylib-definition"; name = libz.tbd; path = usr/lib/libz.tbd; sourceTree = SDKROOT; };
		579140AC1E878A68006EF3AF /* libiconv.tbd */ = {isa = PBXFileReference; lastKnownFileType = "sourcecode.text-based-dylib-definition"; name = libiconv.tbd; path = usr/lib/libiconv.tbd; sourceTree = SDKROOT; };
		579140AE1E878A7E006EF3AF /* libresolv.tbd */ = {isa = PBXFileReference; lastKnownFileType = "sourcecode.text-based-dylib-definition"; name = libresolv.tbd; path = usr/lib/libresolv.tbd; sourceTree = SDKROOT; };
		57AF01861EB58B6600751DAD /* LiveTypeResultModel.swift */ = {isa = PBXFileReference; fileEncoding = 4; lastKnownFileType = sourcecode.swift; path = LiveTypeResultModel.swift; sourceTree = "<group>"; };
		57AF01881EB58CF100751DAD /* LiveListResultModel.swift */ = {isa = PBXFileReference; fileEncoding = 4; lastKnownFileType = sourcecode.swift; path = LiveListResultModel.swift; sourceTree = "<group>"; };
		57B030F51ED4364D005663C0 /* LiveChatTableView.swift */ = {isa = PBXFileReference; fileEncoding = 4; lastKnownFileType = sourcecode.swift; path = LiveChatTableView.swift; sourceTree = "<group>"; };
		57B84F101EA3846A00191FD7 /* Reachability.h */ = {isa = PBXFileReference; fileEncoding = 4; lastKnownFileType = sourcecode.c.h; path = Reachability.h; sourceTree = "<group>"; };
		57B84F111EA3846A00191FD7 /* Reachability.m */ = {isa = PBXFileReference; fileEncoding = 4; lastKnownFileType = sourcecode.c.objc; path = Reachability.m; sourceTree = "<group>"; };
		57C950561EA711C90072D13E /* LiveRoomResultModel.swift */ = {isa = PBXFileReference; fileEncoding = 4; lastKnownFileType = sourcecode.swift; path = LiveRoomResultModel.swift; sourceTree = "<group>"; };
		57C9505B1EA743A00072D13E /* LAXReachabilityManager.swift */ = {isa = PBXFileReference; fileEncoding = 4; lastKnownFileType = sourcecode.swift; path = LAXReachabilityManager.swift; sourceTree = "<group>"; };
		57C9505D1EA7500B0072D13E /* LAXTimerManager.swift */ = {isa = PBXFileReference; fileEncoding = 4; lastKnownFileType = sourcecode.swift; path = LAXTimerManager.swift; sourceTree = "<group>"; };
		57CE038E1E6FF8C5005A0780 /* MeiLiTV.app */ = {isa = PBXFileReference; explicitFileType = wrapper.application; includeInIndex = 0; path = MeiLiTV.app; sourceTree = BUILT_PRODUCTS_DIR; };
		57CE03981E6FF8C6005A0780 /* Assets.xcassets */ = {isa = PBXFileReference; lastKnownFileType = folder.assetcatalog; path = Assets.xcassets; sourceTree = "<group>"; };
		57DC19321E9DDAB40024A51D /* RoomListResultModel.swift */ = {isa = PBXFileReference; fileEncoding = 4; lastKnownFileType = sourcecode.swift; path = RoomListResultModel.swift; sourceTree = "<group>"; };
		57DC19381E9DDAB40024A51D /* CCMBorderView.h */ = {isa = PBXFileReference; fileEncoding = 4; lastKnownFileType = sourcecode.c.h; path = CCMBorderView.h; sourceTree = "<group>"; };
		57DC19391E9DDAB40024A51D /* CCMBorderView.m */ = {isa = PBXFileReference; fileEncoding = 4; lastKnownFileType = sourcecode.c.objc; path = CCMBorderView.m; sourceTree = "<group>"; };
		57DC193A1E9DDAB40024A51D /* LICENSE */ = {isa = PBXFileReference; fileEncoding = 4; lastKnownFileType = text; path = LICENSE; sourceTree = "<group>"; };
		57DC193B1E9DDAB40024A51D /* README.md */ = {isa = PBXFileReference; fileEncoding = 4; lastKnownFileType = net.daringfireball.markdown; path = README.md; sourceTree = "<group>"; };
		57DC193D1E9DDAB40024A51D /* CocoaSecurity.h */ = {isa = PBXFileReference; fileEncoding = 4; lastKnownFileType = sourcecode.c.h; path = CocoaSecurity.h; sourceTree = "<group>"; };
		57DC193E1E9DDAB40024A51D /* CocoaSecurity.m */ = {isa = PBXFileReference; fileEncoding = 4; lastKnownFileType = sourcecode.c.objc; path = CocoaSecurity.m; sourceTree = "<group>"; };
		57DC19411E9DDAB40024A51D /* LAXAlertView.swift */ = {isa = PBXFileReference; fileEncoding = 4; lastKnownFileType = sourcecode.swift; path = LAXAlertView.swift; sourceTree = "<group>"; };
		57DC19431E9DDAB40024A51D /* LAXAnimation.h */ = {isa = PBXFileReference; fileEncoding = 4; lastKnownFileType = sourcecode.c.h; path = LAXAnimation.h; sourceTree = "<group>"; };
		57DC19441E9DDAB40024A51D /* LAXAnimation.m */ = {isa = PBXFileReference; fileEncoding = 4; lastKnownFileType = sourcecode.c.objc; path = LAXAnimation.m; sourceTree = "<group>"; };
		57DC19461E9DDAB40024A51D /* LAXAnimationedTransition.swift */ = {isa = PBXFileReference; fileEncoding = 4; lastKnownFileType = sourcecode.swift; path = LAXAnimationedTransition.swift; sourceTree = "<group>"; };
		57DC19471E9DDAB40024A51D /* LAXAnimationTabBar.swift */ = {isa = PBXFileReference; fileEncoding = 4; lastKnownFileType = sourcecode.swift; path = LAXAnimationTabBar.swift; sourceTree = "<group>"; };
		57DC19481E9DDAB40024A51D /* LAXAnimationTabBarController.swift */ = {isa = PBXFileReference; fileEncoding = 4; lastKnownFileType = sourcecode.swift; path = LAXAnimationTabBarController.swift; sourceTree = "<group>"; };
		57DC194A1E9DDAB40024A51D /* Color+Custom.swift */ = {isa = PBXFileReference; fileEncoding = 4; lastKnownFileType = sourcecode.swift; path = "Color+Custom.swift"; sourceTree = "<group>"; };
		57DC194C1E9DDAB40024A51D /* String+GetBounds.swift */ = {isa = PBXFileReference; fileEncoding = 4; lastKnownFileType = sourcecode.swift; path = "String+GetBounds.swift"; sourceTree = "<group>"; };
		57DC194D1E9DDAB40024A51D /* String+RemoveSpace.swift */ = {isa = PBXFileReference; fileEncoding = 4; lastKnownFileType = sourcecode.swift; path = "String+RemoveSpace.swift"; sourceTree = "<group>"; };
		57DC194E1E9DDAB40024A51D /* UIImageView+ShowInWindow.h */ = {isa = PBXFileReference; fileEncoding = 4; lastKnownFileType = sourcecode.c.h; path = "UIImageView+ShowInWindow.h"; sourceTree = "<group>"; };
		57DC194F1E9DDAB40024A51D /* UIImageView+ShowInWindow.m */ = {isa = PBXFileReference; fileEncoding = 4; lastKnownFileType = sourcecode.c.objc; path = "UIImageView+ShowInWindow.m"; sourceTree = "<group>"; };
		57DC19521E9DDAB40024A51D /* LAXCameraViewController.swift */ = {isa = PBXFileReference; fileEncoding = 4; lastKnownFileType = sourcecode.swift; path = LAXCameraViewController.swift; sourceTree = "<group>"; };
		57DC19531E9DDAB40024A51D /* LAXImagePickerController.swift */ = {isa = PBXFileReference; fileEncoding = 4; lastKnownFileType = sourcecode.swift; path = LAXImagePickerController.swift; sourceTree = "<group>"; };
		57DC19551E9DDAB40024A51D /* LAXLocationManager.swift */ = {isa = PBXFileReference; fileEncoding = 4; lastKnownFileType = sourcecode.swift; path = LAXLocationManager.swift; sourceTree = "<group>"; };
		57DC19571E9DDAB40024A51D /* LAXMenuBar.swift */ = {isa = PBXFileReference; fileEncoding = 4; lastKnownFileType = sourcecode.swift; path = LAXMenuBar.swift; sourceTree = "<group>"; };
		57DC19581E9DDAB40024A51D /* LAXMenuBarController.swift */ = {isa = PBXFileReference; fileEncoding = 4; lastKnownFileType = sourcecode.swift; path = LAXMenuBarController.swift; sourceTree = "<group>"; };
		57DC19591E9DDAB40024A51D /* LAXSplitLineView.swift */ = {isa = PBXFileReference; fileEncoding = 4; lastKnownFileType = sourcecode.swift; path = LAXSplitLineView.swift; sourceTree = "<group>"; };
		57DC195B1E9DDAB40024A51D /* LAXMeViewController.swift */ = {isa = PBXFileReference; fileEncoding = 4; lastKnownFileType = sourcecode.swift; path = LAXMeViewController.swift; sourceTree = "<group>"; };
		57DC195D1E9DDAB40024A51D /* LAXNavigationBar.swift */ = {isa = PBXFileReference; fileEncoding = 4; lastKnownFileType = sourcecode.swift; path = LAXNavigationBar.swift; sourceTree = "<group>"; };
		57DC195E1E9DDAB40024A51D /* LAXNavigationController.swift */ = {isa = PBXFileReference; fileEncoding = 4; lastKnownFileType = sourcecode.swift; path = LAXNavigationController.swift; sourceTree = "<group>"; };
		57DC19631E9DDAB40024A51D /* LAXTabBarPlus.swift */ = {isa = PBXFileReference; fileEncoding = 4; lastKnownFileType = sourcecode.swift; path = LAXTabBarPlus.swift; sourceTree = "<group>"; };
		57DC19641E9DDAB40024A51D /* LAXTabBarPlusController.swift */ = {isa = PBXFileReference; fileEncoding = 4; lastKnownFileType = sourcecode.swift; path = LAXTabBarPlusController.swift; sourceTree = "<group>"; };
		57DC19661E9DDAB40024A51D /* ChatTextView.h */ = {isa = PBXFileReference; fileEncoding = 4; lastKnownFileType = sourcecode.c.h; path = ChatTextView.h; sourceTree = "<group>"; };
		57DC19671E9DDAB40024A51D /* ChatTextView.m */ = {isa = PBXFileReference; fileEncoding = 4; lastKnownFileType = sourcecode.c.objc; path = ChatTextView.m; sourceTree = "<group>"; };
		57DC19681E9DDAB40024A51D /* LAXTextView.h */ = {isa = PBXFileReference; fileEncoding = 4; lastKnownFileType = sourcecode.c.h; path = LAXTextView.h; sourceTree = "<group>"; };
		57DC19691E9DDAB40024A51D /* LAXTextView.m */ = {isa = PBXFileReference; fileEncoding = 4; lastKnownFileType = sourcecode.c.objc; path = LAXTextView.m; sourceTree = "<group>"; };
		57DC196C1E9DDAB40024A51D /* LAXConstantHeader.swift */ = {isa = PBXFileReference; fileEncoding = 4; lastKnownFileType = sourcecode.swift; path = LAXConstantHeader.swift; sourceTree = "<group>"; };
		57DC196F1E9DDAB40024A51D /* ConstantHeader.swift */ = {isa = PBXFileReference; fileEncoding = 4; lastKnownFileType = sourcecode.swift; path = ConstantHeader.swift; sourceTree = "<group>"; };
		57DC19701E9DDAB40024A51D /* MeiLiTVBridgingHeader.h */ = {isa = PBXFileReference; fileEncoding = 4; lastKnownFileType = sourcecode.c.h; path = MeiLiTVBridgingHeader.h; sourceTree = "<group>"; };
		57DC19711E9DDAB40024A51D /* Util.swift */ = {isa = PBXFileReference; fileEncoding = 4; lastKnownFileType = sourcecode.swift; path = Util.swift; sourceTree = "<group>"; };
		57DC19A51E9DDAB40024A51D /* MainViewModel.swift */ = {isa = PBXFileReference; fileEncoding = 4; lastKnownFileType = sourcecode.swift; path = MainViewModel.swift; sourceTree = "<group>"; };
		57E30F1B1EA48869008525AD /* LAXAlertLabelView.swift */ = {isa = PBXFileReference; fileEncoding = 4; lastKnownFileType = sourcecode.swift; path = LAXAlertLabelView.swift; sourceTree = "<group>"; };
		57E30F961EA48AEF008525AD /* LAXTabBar.swift */ = {isa = PBXFileReference; fileEncoding = 4; lastKnownFileType = sourcecode.swift; path = LAXTabBar.swift; sourceTree = "<group>"; };
		57E30F971EA48AEF008525AD /* LAXTabBarController.swift */ = {isa = PBXFileReference; fileEncoding = 4; lastKnownFileType = sourcecode.swift; path = LAXTabBarController.swift; sourceTree = "<group>"; };
		57E30FDB1EA48BD5008525AD /* UIViewController+AlertView.swift */ = {isa = PBXFileReference; fileEncoding = 4; lastKnownFileType = sourcecode.swift; path = "UIViewController+AlertView.swift"; sourceTree = "<group>"; };
		57E310531EA4B7FF008525AD /* LAXKeyBoard.swift */ = {isa = PBXFileReference; fileEncoding = 4; lastKnownFileType = sourcecode.swift; path = LAXKeyBoard.swift; sourceTree = "<group>"; };
		57E310571EA4BA8A008525AD /* NetworkActivityIndicator.swift */ = {isa = PBXFileReference; fileEncoding = 4; lastKnownFileType = sourcecode.swift; path = NetworkActivityIndicator.swift; sourceTree = "<group>"; };
		57F950191EDC4F6C00468DFA /* ChatTableViewCell.swift */ = {isa = PBXFileReference; fileEncoding = 4; lastKnownFileType = sourcecode.swift; path = ChatTableViewCell.swift; sourceTree = "<group>"; };
		57F9501A1EDC4F6C00468DFA /* ChatTableViewCell.xib */ = {isa = PBXFileReference; fileEncoding = 4; lastKnownFileType = file.xib; path = ChatTableViewCell.xib; sourceTree = "<group>"; };
		57F9501F1EDC4F8B00468DFA /* LiveDetailUIHView.swift */ = {isa = PBXFileReference; fileEncoding = 4; lastKnownFileType = sourcecode.swift; path = LiveDetailUIHView.swift; sourceTree = "<group>"; };
		57F950211EDC577400468DFA /* BarrageView.swift */ = {isa = PBXFileReference; fileEncoding = 4; lastKnownFileType = sourcecode.swift; path = BarrageView.swift; sourceTree = "<group>"; };
		78B8ECB851C9262C3B9BC0A5 /* Pods_MeiLiTV.framework */ = {isa = PBXFileReference; explicitFileType = wrapper.framework; includeInIndex = 0; path = Pods_MeiLiTV.framework; sourceTree = BUILT_PRODUCTS_DIR; };
		C0265B932CE98EE4A6AD7D70 /* Pods-MeiLiTV.debug.xcconfig */ = {isa = PBXFileReference; includeInIndex = 1; lastKnownFileType = text.xcconfig; name = "Pods-MeiLiTV.debug.xcconfig"; path = "Pods/Target Support Files/Pods-MeiLiTV/Pods-MeiLiTV.debug.xcconfig"; sourceTree = "<group>"; };
		D11F5144D7283BFB5BD67242 /* Pods-MeiLiTV.release.xcconfig */ = {isa = PBXFileReference; includeInIndex = 1; lastKnownFileType = text.xcconfig; name = "Pods-MeiLiTV.release.xcconfig"; path = "Pods/Target Support Files/Pods-MeiLiTV/Pods-MeiLiTV.release.xcconfig"; sourceTree = "<group>"; };
/* End PBXFileReference section */

/* Begin PBXFrameworksBuildPhase section */
		57CE038B1E6FF8C5005A0780 /* Frameworks */ = {
			isa = PBXFrameworksBuildPhase;
			buildActionMask = 2147483647;
			files = (
				4F796C292111CC9B00D8D620 /* UMMobClick.framework in Frameworks */,
				576F745C1EC30D07007E3799 /* Security.framework in Frameworks */,
				579140AB1E878A5A006EF3AF /* libz.tbd in Frameworks */,
				5708B7011EBC17F8004D4B4E /* libsqlite3.tbd in Frameworks */,
				579140A11E878A02006EF3AF /* CoreTelephony.framework in Frameworks */,
				579140AF1E878A7E006EF3AF /* libresolv.tbd in Frameworks */,
				579140AD1E878A68006EF3AF /* libiconv.tbd in Frameworks */,
				579140A91E878A44006EF3AF /* libstdc++.tbd in Frameworks */,
				579140A71E878A2D006EF3AF /* CoreGraphics.framework in Frameworks */,
				571F0EB71E8E5E9B005DA7B2 /* CoreLocation.framework in Frameworks */,
				579140A51E878A20006EF3AF /* CoreMedia.framework in Frameworks */,
				5708B7031EBC1941004D4B4E /* Accelerate.framework in Frameworks */,
				5708B7071EBC1A62004D4B4E /* Foundation.framework in Frameworks */,
				5708B7091EBC1A69004D4B4E /* UIKit.framework in Frameworks */,
				579140A31E878A14006EF3AF /* AVFoundation.framework in Frameworks */,
				5791409F1E8789F5006EF3AF /* SystemConfiguration.framework in Frameworks */,
				5791409D1E8789EB006EF3AF /* VideoToolbox.framework in Frameworks */,
				12B281A79D4E8810940B20AD /* Pods_MeiLiTV.framework in Frameworks */,
			);
			runOnlyForDeploymentPostprocessing = 0;
		};
/* End PBXFrameworksBuildPhase section */

/* Begin PBXGroup section */
		32FA02BAE554F0C534BDF968 /* Pods */ = {
			isa = PBXGroup;
			children = (
				C0265B932CE98EE4A6AD7D70 /* Pods-MeiLiTV.debug.xcconfig */,
				D11F5144D7283BFB5BD67242 /* Pods-MeiLiTV.release.xcconfig */,
			);
			name = Pods;
			sourceTree = "<group>";
		};
		5727895F1E9F0EE800A14FDA /* SDCycleScrollView */ = {
			isa = PBXGroup;
			children = (
				572789601E9F0EE800A14FDA /* PageControl */,
				572789691E9F0EE800A14FDA /* SDCollectionViewCell.h */,
				5727896A1E9F0EE800A14FDA /* SDCollectionViewCell.m */,
				5727896B1E9F0EE800A14FDA /* SDCycleScrollView.h */,
				5727896C1E9F0EE800A14FDA /* SDCycleScrollView.m */,
				5727896D1E9F0EE800A14FDA /* UIView+SDExtension.h */,
				5727896E1E9F0EE800A14FDA /* UIView+SDExtension.m */,
			);
			path = SDCycleScrollView;
			sourceTree = "<group>";
		};
		572789601E9F0EE800A14FDA /* PageControl */ = {
			isa = PBXGroup;
			children = (
				572789611E9F0EE800A14FDA /* TAAbstractDotView.h */,
				572789621E9F0EE800A14FDA /* TAAbstractDotView.m */,
				572789631E9F0EE800A14FDA /* TAAnimatedDotView.h */,
				572789641E9F0EE800A14FDA /* TAAnimatedDotView.m */,
				572789651E9F0EE800A14FDA /* TADotView.h */,
				572789661E9F0EE800A14FDA /* TADotView.m */,
				572789671E9F0EE800A14FDA /* TAPageControl.h */,
				572789681E9F0EE800A14FDA /* TAPageControl.m */,
			);
			path = PageControl;
			sourceTree = "<group>";
		};
		5733CC5B1EB474C6004AA22E /* Live */ = {
			isa = PBXGroup;
			children = (
				5733CC661EB47EF4004AA22E /* MineModel.swift */,
				5733CC5C1EB47510004AA22E /* LiveMenuResultModel.swift */,
				57AF01861EB58B6600751DAD /* LiveTypeResultModel.swift */,
				57AF01881EB58CF100751DAD /* LiveListResultModel.swift */,
			);
			path = Live;
			sourceTree = "<group>";
		};
		573FC6361E710AB700443B6C /* Base.lproj */ = {
			isa = PBXGroup;
			children = (
				573FC6371E710AB700443B6C /* LaunchScreen.storyboard */,
				573FC63B1E710AB700443B6C /* Main.storyboard */,
			);
			path = Base.lproj;
			sourceTree = "<group>";
		};
		576A266E1EADDB3F006DD20D /* Live */ = {
			isa = PBXGroup;
			children = (
				576A26751EADDC95006DD20D /* GCDAsyncSocket.h */,
				576A26761EADDC95006DD20D /* GCDAsyncSocket.m */,
				576A266F1EADDB3F006DD20D /* LiveChatManager.h */,
				576A26701EADDB3F006DD20D /* LiveChatManager.m */,
				576A26711EADDB3F006DD20D /* STTSerialization.h */,
				576A26721EADDB3F006DD20D /* STTSerialization.m */,
			);
			path = Live;
			sourceTree = "<group>";
		};
		576A798E1EBCB33D0036653F /* Controller */ = {
			isa = PBXGroup;
			children = (
				576A79921EBCB33D0036653F /* Base */,
				576A799B1EBCB33D0036653F /* Login */,
				576A79A21EBCB33D0036653F /* Main */,
				576A79961EBCB33D0036653F /* Live */,
				576A79AD1EBCB33D0036653F /* Player */,
				576A798F1EBCB33D0036653F /* Attention */,
				576A79A71EBCB33D0036653F /* Mine */,
			);
			path = Controller;
			sourceTree = "<group>";
		};
		576A798F1EBCB33D0036653F /* Attention */ = {
			isa = PBXGroup;
			children = (
				576A79901EBCB33D0036653F /* AttentionViewController.swift */,
				576A79911EBCB33D0036653F /* AttentionViewController.xib */,
			);
			path = Attention;
			sourceTree = "<group>";
		};
		576A79921EBCB33D0036653F /* Base */ = {
			isa = PBXGroup;
			children = (
				576A79931EBCB33D0036653F /* BaseViewController.swift */,
				576A79941EBCB33D0036653F /* DetailViewController.swift */,
				576A79951EBCB33D0036653F /* RootViewController.swift */,
			);
			path = Base;
			sourceTree = "<group>";
		};
		576A79961EBCB33D0036653F /* Live */ = {
			isa = PBXGroup;
			children = (
				576A79991EBCB33D0036653F /* LiveViewController.swift */,
				576A799A1EBCB33D0036653F /* LiveViewController.xib */,
				576A79981EBCB33D0036653F /* LiveTypeCollectionViewController.swift */,
				573517581EBDACBF00A940B8 /* LiveTypeCollectionViewController.xib */,
				576A79971EBCB33D0036653F /* LiveListCollectionViewController.swift */,
				5735175A1EBDC21C00A940B8 /* LiveListCollectionViewController.xib */,
			);
			path = Live;
			sourceTree = "<group>";
		};
		576A799B1EBCB33D0036653F /* Login */ = {
			isa = PBXGroup;
			children = (
				576A799C1EBCB33D0036653F /* ChangePwdViewController.swift */,
				576A799D1EBCB33D0036653F /* ChangePwdViewController.xib */,
				576A799E1EBCB33D0036653F /* LoginViewController.swift */,
				576A799F1EBCB33D0036653F /* LoginViewController.xib */,
				576A79A01EBCB33D0036653F /* RegisterViewController.swift */,
				576A79A11EBCB33D0036653F /* RegisterViewController.xib */,
			);
			path = Login;
			sourceTree = "<group>";
		};
		576A79A21EBCB33D0036653F /* Main */ = {
			isa = PBXGroup;
			children = (
				576A79A51EBCB33D0036653F /* MainViewController.swift */,
				576A79A61EBCB33D0036653F /* MainViewController.xib */,
				576A79A31EBCB33D0036653F /* LiveRoomViewController.swift */,
				576A79A41EBCB33D0036653F /* LiveRoomViewController.xib */,
			);
			path = Main;
			sourceTree = "<group>";
		};
		576A79A71EBCB33D0036653F /* Mine */ = {
			isa = PBXGroup;
			children = (
				576A79A81EBCB33D0036653F /* MineViewController.swift */,
				576A79A91EBCB33D0036653F /* PersonalViewController.swift */,
				576A79AA1EBCB33D0036653F /* PersonalViewController.xib */,
				576A79AB1EBCB33D0036653F /* SettingViewController.swift */,
				576A79AC1EBCB33D0036653F /* SettingViewController.xib */,
			);
			path = Mine;
			sourceTree = "<group>";
		};
		576A79AD1EBCB33D0036653F /* Player */ = {
			isa = PBXGroup;
			children = (
				576A79AE1EBCB33D0036653F /* PlayerViewController.swift */,
				576A79AF1EBCB33D0036653F /* PlayerViewController.xib */,
			);
			path = Player;
			sourceTree = "<group>";
		};
		576A79B01EBCB33D0036653F /* View */ = {
			isa = PBXGroup;
			children = (
				576A79B11EBCB33D0036653F /* Custom */,
				576A79B71EBCB33D0036653F /* Live */,
				576A79B81EBCB33D0036653F /* Main */,
				576A79C51EBCB33D0036653F /* Mine */,
			);
			path = View;
			sourceTree = "<group>";
		};
		576A79B11EBCB33D0036653F /* Custom */ = {
			isa = PBXGroup;
			children = (
				576A79B31EBCB33D0036653F /* LAXCustomButton.swift */,
				5735175C1EBDC57300A940B8 /* StatusBackgroundView.swift */,
				576A79B41EBCB33D0036653F /* LoadPlaceholderView.swift */,
				576A79B51EBCB33D0036653F /* LoginView.swift */,
				576A79B61EBCB33D0036653F /* LoginView.xib */,
			);
			path = Custom;
			sourceTree = "<group>";
		};
		576A79B71EBCB33D0036653F /* Live */ = {
			isa = PBXGroup;
			children = (
				577C04BE1ED29B930091536E /* LiveLoadingView.swift */,
				577C04BF1ED29B930091536E /* LiveLoadingView.xib */,
				57F950191EDC4F6C00468DFA /* ChatTableViewCell.swift */,
				57F9501A1EDC4F6C00468DFA /* ChatTableViewCell.xib */,
				57B030F51ED4364D005663C0 /* LiveChatTableView.swift */,
				57F9501F1EDC4F8B00468DFA /* LiveDetailUIHView.swift */,
				57F950211EDC577400468DFA /* BarrageView.swift */,
			);
			path = Live;
			sourceTree = "<group>";
		};
		576A79B81EBCB33D0036653F /* Main */ = {
			isa = PBXGroup;
			children = (
				576A79BE1EBCB33D0036653F /* MainHeaderView.swift */,
				576A79BF1EBCB33D0036653F /* MainHeaderView.xib */,
				576A79C01EBCB33D0036653F /* MainSectionHeaderView.swift */,
				576A79C11EBCB33D0036653F /* MainSectionHeaderView.xib */,
				576A79C21EBCB33D0036653F /* MainTopCollectionView.swift */,
				576A79C31EBCB33D0036653F /* MainTopCollectionViewCell.swift */,
				576A79C41EBCB33D0036653F /* MainTopCollectionViewCell.xib */,
				576A79BC1EBCB33D0036653F /* MainCollectionViewCell.swift */,
				576A79BD1EBCB33D0036653F /* MainCollectionViewCell.xib */,
			);
			path = Main;
			sourceTree = "<group>";
		};
		576A79C51EBCB33D0036653F /* Mine */ = {
			isa = PBXGroup;
			children = (
				576A79C61EBCB33D0036653F /* MineCollectionView.swift */,
				576A79C71EBCB33D0036653F /* MineCollectionViewCell.swift */,
				576A79C81EBCB33D0036653F /* MineCollectionViewCell.xib */,
				576A79C91EBCB33D0036653F /* PersonalTableViewCell.swift */,
				576A79CA1EBCB33D0036653F /* PersonalTableViewCell.xib */,
				576A79CB1EBCB33D0036653F /* SettingTableViewCell.swift */,
				576A79CC1EBCB33D0036653F /* SettingTableViewCell.xib */,
			);
			path = Mine;
			sourceTree = "<group>";
		};
		576F74581EC306D1007E3799 /* UMeng */ = {
			isa = PBXGroup;
			children = (
				576F74591EC306DD007E3799 /* UMMobClick.framework */,
			);
			path = UMeng;
			sourceTree = "<group>";
		};
		57B84F0E1EA3846A00191FD7 /* Reachability */ = {
			isa = PBXGroup;
			children = (
				57B84F101EA3846A00191FD7 /* Reachability.h */,
				57B84F111EA3846A00191FD7 /* Reachability.m */,
				57C9505B1EA743A00072D13E /* LAXReachabilityManager.swift */,
			);
			path = Reachability;
			sourceTree = "<group>";
		};
		57CE03851E6FF8C5005A0780 = {
			isa = PBXGroup;
			children = (
				57CE03901E6FF8C5005A0780 /* MeiLiTV */,
				57CE038F1E6FF8C5005A0780 /* Products */,
				32FA02BAE554F0C534BDF968 /* Pods */,
				7D4C21E578D1341F04999E74 /* Frameworks */,
			);
			sourceTree = "<group>";
		};
		57CE038F1E6FF8C5005A0780 /* Products */ = {
			isa = PBXGroup;
			children = (
				57CE038E1E6FF8C5005A0780 /* MeiLiTV.app */,
			);
			name = Products;
			sourceTree = "<group>";
		};
		57CE03901E6FF8C5005A0780 /* MeiLiTV */ = {
			isa = PBXGroup;
			children = (
				5708B70A1EBC1B02004D4B4E /* MeiLiTV.entitlements */,
				57DC196E1E9DDAB40024A51D /* Util */,
				576A798E1EBCB33D0036653F /* Controller */,
				576A79B01EBCB33D0036653F /* View */,
				57DC19301E9DDAB40024A51D /* Model */,
				57DC19A41E9DDAB40024A51D /* ViewModel */,
				573FC6361E710AB700443B6C /* Base.lproj */,
				57DC19331E9DDAB40024A51D /* Resource */,
				573FC64D1E710AB700443B6C /* MLTVAppDelegate.swift */,
				573FC64E1E710AB700443B6C /* Info.plist */,
				57CE03981E6FF8C6005A0780 /* Assets.xcassets */,
			);
			path = MeiLiTV;
			sourceTree = "<group>";
		};
		57DC19301E9DDAB40024A51D /* Model */ = {
			isa = PBXGroup;
			children = (
				57DC19311E9DDAB40024A51D /* Main */,
				5733CC5B1EB474C6004AA22E /* Live */,
			);
			path = Model;
			sourceTree = "<group>";
		};
		57DC19311E9DDAB40024A51D /* Main */ = {
			isa = PBXGroup;
			children = (
				572789881E9F402900A14FDA /* BaseJSONModel.h */,
				572789891E9F402900A14FDA /* BaseJSONModel.m */,
				57DC19321E9DDAB40024A51D /* RoomListResultModel.swift */,
				5727897F1E9F206F00A14FDA /* SliderResultModel.swift */,
				57C950561EA711C90072D13E /* LiveRoomResultModel.swift */,
				576A26691EADDAB4006DD20D /* LiveChatModel.swift */,
				576A266A1EADDAB4006DD20D /* STTModel.h */,
				576A266B1EADDAB4006DD20D /* STTModel.m */,
			);
			path = Main;
			sourceTree = "<group>";
		};
		57DC19331E9DDAB40024A51D /* Resource */ = {
			isa = PBXGroup;
			children = (
				576F74581EC306D1007E3799 /* UMeng */,
				5727895F1E9F0EE800A14FDA /* SDCycleScrollView */,
				57DC19351E9DDAB40024A51D /* CCMBorderView */,
				57DC193C1E9DDAB40024A51D /* CocoaSecurity */,
				57B84F0E1EA3846A00191FD7 /* Reachability */,
				57DC193F1E9DDAB40024A51D /* LAXLibrary */,
			);
			path = Resource;
			sourceTree = "<group>";
		};
		57DC19351E9DDAB40024A51D /* CCMBorderView */ = {
			isa = PBXGroup;
			children = (
				57DC19361E9DDAB40024A51D /* CCMBorderView */,
				57DC193A1E9DDAB40024A51D /* LICENSE */,
				57DC193B1E9DDAB40024A51D /* README.md */,
			);
			path = CCMBorderView;
			sourceTree = "<group>";
		};
		57DC19361E9DDAB40024A51D /* CCMBorderView */ = {
			isa = PBXGroup;
			children = (
				57DC19371E9DDAB40024A51D /* Objective-C */,
			);
			path = CCMBorderView;
			sourceTree = "<group>";
		};
		57DC19371E9DDAB40024A51D /* Objective-C */ = {
			isa = PBXGroup;
			children = (
				57DC19381E9DDAB40024A51D /* CCMBorderView.h */,
				57DC19391E9DDAB40024A51D /* CCMBorderView.m */,
			);
			path = "Objective-C";
			sourceTree = "<group>";
		};
		57DC193C1E9DDAB40024A51D /* CocoaSecurity */ = {
			isa = PBXGroup;
			children = (
				57DC193D1E9DDAB40024A51D /* CocoaSecurity.h */,
				57DC193E1E9DDAB40024A51D /* CocoaSecurity.m */,
			);
			path = CocoaSecurity;
			sourceTree = "<group>";
		};
		57DC193F1E9DDAB40024A51D /* LAXLibrary */ = {
			isa = PBXGroup;
			children = (
				57DC19401E9DDAB40024A51D /* LAXAlertView */,
				57DC19421E9DDAB40024A51D /* LAXAnimation */,
				57DC19451E9DDAB40024A51D /* LAXAnimationTabBarController */,
				57DC19491E9DDAB40024A51D /* LAXExtension */,
				57DC19511E9DDAB40024A51D /* LAXImagePickerController */,
				57DC19541E9DDAB40024A51D /* LAXLocationManager */,
				57E30F951EA48AEF008525AD /* LAXTabBarController */,
				57DC19621E9DDAB40024A51D /* LAXTabBarPlusController */,
				57DC19561E9DDAB40024A51D /* LAXMenuBarController */,
				57DC195A1E9DDAB40024A51D /* LAXMeViewController */,
				57DC195C1E9DDAB40024A51D /* LAXNavigationController */,
				57DC19651E9DDAB40024A51D /* LAXTextView */,
				57DC196A1E9DDAB40024A51D /* LAXUtil */,
			);
			path = LAXLibrary;
			sourceTree = "<group>";
		};
		57DC19401E9DDAB40024A51D /* LAXAlertView */ = {
			isa = PBXGroup;
			children = (
				57E30F1B1EA48869008525AD /* LAXAlertLabelView.swift */,
				57DC19411E9DDAB40024A51D /* LAXAlertView.swift */,
				57E30FDB1EA48BD5008525AD /* UIViewController+AlertView.swift */,
			);
			path = LAXAlertView;
			sourceTree = "<group>";
		};
		57DC19421E9DDAB40024A51D /* LAXAnimation */ = {
			isa = PBXGroup;
			children = (
				57DC19431E9DDAB40024A51D /* LAXAnimation.h */,
				57DC19441E9DDAB40024A51D /* LAXAnimation.m */,
			);
			path = LAXAnimation;
			sourceTree = "<group>";
		};
		57DC19451E9DDAB40024A51D /* LAXAnimationTabBarController */ = {
			isa = PBXGroup;
			children = (
				57DC19461E9DDAB40024A51D /* LAXAnimationedTransition.swift */,
				57DC19471E9DDAB40024A51D /* LAXAnimationTabBar.swift */,
				57DC19481E9DDAB40024A51D /* LAXAnimationTabBarController.swift */,
			);
			path = LAXAnimationTabBarController;
			sourceTree = "<group>";
		};
		57DC19491E9DDAB40024A51D /* LAXExtension */ = {
			isa = PBXGroup;
			children = (
				57DC194A1E9DDAB40024A51D /* Color+Custom.swift */,
				57DC194C1E9DDAB40024A51D /* String+GetBounds.swift */,
				57DC194D1E9DDAB40024A51D /* String+RemoveSpace.swift */,
				57DC194E1E9DDAB40024A51D /* UIImageView+ShowInWindow.h */,
				57DC194F1E9DDAB40024A51D /* UIImageView+ShowInWindow.m */,
			);
			path = LAXExtension;
			sourceTree = "<group>";
		};
		57DC19511E9DDAB40024A51D /* LAXImagePickerController */ = {
			isa = PBXGroup;
			children = (
				57DC19521E9DDAB40024A51D /* LAXCameraViewController.swift */,
				57DC19531E9DDAB40024A51D /* LAXImagePickerController.swift */,
			);
			path = LAXImagePickerController;
			sourceTree = "<group>";
		};
		57DC19541E9DDAB40024A51D /* LAXLocationManager */ = {
			isa = PBXGroup;
			children = (
				57DC19551E9DDAB40024A51D /* LAXLocationManager.swift */,
			);
			path = LAXLocationManager;
			sourceTree = "<group>";
		};
		57DC19561E9DDAB40024A51D /* LAXMenuBarController */ = {
			isa = PBXGroup;
			children = (
				57DC19571E9DDAB40024A51D /* LAXMenuBar.swift */,
				57DC19581E9DDAB40024A51D /* LAXMenuBarController.swift */,
				57DC19591E9DDAB40024A51D /* LAXSplitLineView.swift */,
			);
			path = LAXMenuBarController;
			sourceTree = "<group>";
		};
		57DC195A1E9DDAB40024A51D /* LAXMeViewController */ = {
			isa = PBXGroup;
			children = (
				57DC195B1E9DDAB40024A51D /* LAXMeViewController.swift */,
			);
			path = LAXMeViewController;
			sourceTree = "<group>";
		};
		57DC195C1E9DDAB40024A51D /* LAXNavigationController */ = {
			isa = PBXGroup;
			children = (
				57DC195D1E9DDAB40024A51D /* LAXNavigationBar.swift */,
				57DC195E1E9DDAB40024A51D /* LAXNavigationController.swift */,
			);
			path = LAXNavigationController;
			sourceTree = "<group>";
		};
		57DC19621E9DDAB40024A51D /* LAXTabBarPlusController */ = {
			isa = PBXGroup;
			children = (
				57DC19631E9DDAB40024A51D /* LAXTabBarPlus.swift */,
				57DC19641E9DDAB40024A51D /* LAXTabBarPlusController.swift */,
			);
			path = LAXTabBarPlusController;
			sourceTree = "<group>";
		};
		57DC19651E9DDAB40024A51D /* LAXTextView */ = {
			isa = PBXGroup;
			children = (
				57DC19661E9DDAB40024A51D /* ChatTextView.h */,
				57DC19671E9DDAB40024A51D /* ChatTextView.m */,
				57DC19681E9DDAB40024A51D /* LAXTextView.h */,
				57DC19691E9DDAB40024A51D /* LAXTextView.m */,
			);
			path = LAXTextView;
			sourceTree = "<group>";
		};
		57DC196A1E9DDAB40024A51D /* LAXUtil */ = {
			isa = PBXGroup;
			children = (
				57E310571EA4BA8A008525AD /* NetworkActivityIndicator.swift */,
				57DC196C1E9DDAB40024A51D /* LAXConstantHeader.swift */,
				5733CC681EB485C8004AA22E /* LAXAFManager.swift */,
				5733CC6A1EB485FF004AA22E /* LAXMJRefressManager.swift */,
				57E310531EA4B7FF008525AD /* LAXKeyBoard.swift */,
				57C9505D1EA7500B0072D13E /* LAXTimerManager.swift */,
			);
			path = LAXUtil;
			sourceTree = "<group>";
		};
		57DC196E1E9DDAB40024A51D /* Util */ = {
			isa = PBXGroup;
			children = (
				57DC196F1E9DDAB40024A51D /* ConstantHeader.swift */,
				57DC19701E9DDAB40024A51D /* MeiLiTVBridgingHeader.h */,
				57DC19711E9DDAB40024A51D /* Util.swift */,
				576A79FF1EBCC3AC0036653F /* LiveDemoManager.swift */,
			);
			path = Util;
			sourceTree = "<group>";
		};
		57DC19A41E9DDAB40024A51D /* ViewModel */ = {
			isa = PBXGroup;
			children = (
				576A266E1EADDB3F006DD20D /* Live */,
				57DC19A51E9DDAB40024A51D /* MainViewModel.swift */,
				5727897A1E9F11A600A14FDA /* MainViewDelegate.swift */,
				5733CC571EB46CD2004AA22E /* LiveViewModel.swift */,
				570B7E4C1EB2E20E002EF052 /* MineViewDelegate.swift */,
			);
			path = ViewModel;
			sourceTree = "<group>";
		};
		57E30F951EA48AEF008525AD /* LAXTabBarController */ = {
			isa = PBXGroup;
			children = (
				57E30F961EA48AEF008525AD /* LAXTabBar.swift */,
				57E30F971EA48AEF008525AD /* LAXTabBarController.swift */,
			);
			path = LAXTabBarController;
			sourceTree = "<group>";
		};
		7D4C21E578D1341F04999E74 /* Frameworks */ = {
			isa = PBXGroup;
			children = (
				576F745B1EC30D07007E3799 /* Security.framework */,
				5708B7081EBC1A69004D4B4E /* UIKit.framework */,
				5708B7061EBC1A62004D4B4E /* Foundation.framework */,
				5708B7041EBC19D3004D4B4E /* libstdc++.6.tbd */,
				5708B7021EBC1941004D4B4E /* Accelerate.framework */,
				5708B7001EBC17F8004D4B4E /* libsqlite3.tbd */,
				571F0EB61E8E5E9B005DA7B2 /* CoreLocation.framework */,
				579140AE1E878A7E006EF3AF /* libresolv.tbd */,
				579140AC1E878A68006EF3AF /* libiconv.tbd */,
				579140AA1E878A5A006EF3AF /* libz.tbd */,
				579140A81E878A44006EF3AF /* libstdc++.tbd */,
				579140A61E878A2D006EF3AF /* CoreGraphics.framework */,
				579140A41E878A20006EF3AF /* CoreMedia.framework */,
				579140A21E878A14006EF3AF /* AVFoundation.framework */,
				579140A01E878A02006EF3AF /* CoreTelephony.framework */,
				5791409E1E8789F5006EF3AF /* SystemConfiguration.framework */,
				5791409C1E8789EB006EF3AF /* VideoToolbox.framework */,
				78B8ECB851C9262C3B9BC0A5 /* Pods_MeiLiTV.framework */,
			);
			name = Frameworks;
			sourceTree = "<group>";
		};
/* End PBXGroup section */

/* Begin PBXNativeTarget section */
		57CE038D1E6FF8C5005A0780 /* MeiLiTV */ = {
			isa = PBXNativeTarget;
			buildConfigurationList = 57CE03A01E6FF8C6005A0780 /* Build configuration list for PBXNativeTarget "MeiLiTV" */;
			buildPhases = (
				C3B24D5B54993DF920AAD139 /* [CP] Check Pods Manifest.lock */,
				57CE038A1E6FF8C5005A0780 /* Sources */,
				57CE038B1E6FF8C5005A0780 /* Frameworks */,
				57CE038C1E6FF8C5005A0780 /* Resources */,
				9F2DAA3EE2D9ADAC83ABC665 /* [CP] Embed Pods Frameworks */,
				8D8506073DF46D66D0E9D916 /* [CP] Copy Pods Resources */,
			);
			buildRules = (
			);
			dependencies = (
			);
			name = MeiLiTV;
			productName = MeiLiTV;
			productReference = 57CE038E1E6FF8C5005A0780 /* MeiLiTV.app */;
			productType = "com.apple.product-type.application";
		};
/* End PBXNativeTarget section */

/* Begin PBXProject section */
		57CE03861E6FF8C5005A0780 /* Project object */ = {
			isa = PBXProject;
			attributes = {
				LastSwiftUpdateCheck = 0820;
				LastUpgradeCheck = 0830;
				ORGANIZATIONNAME = "冰凉的枷锁";
				TargetAttributes = {
					57CE038D1E6FF8C5005A0780 = {
						CreatedOnToolsVersion = 8.2.1;
						DevelopmentTeam = 6E7363BSKG;
						ProvisioningStyle = Automatic;
						SystemCapabilities = {
							com.apple.ApplicationGroups.iOS = {
								enabled = 1;
							};
							com.apple.BackgroundModes = {
								enabled = 1;
							};
						};
					};
				};
			};
			buildConfigurationList = 57CE03891E6FF8C5005A0780 /* Build configuration list for PBXProject "MeiLiTV" */;
			compatibilityVersion = "Xcode 3.2";
			developmentRegion = English;
			hasScannedForEncodings = 0;
			knownRegions = (
				en,
				Base,
			);
			mainGroup = 57CE03851E6FF8C5005A0780;
			productRefGroup = 57CE038F1E6FF8C5005A0780 /* Products */;
			projectDirPath = "";
			projectRoot = "";
			targets = (
				57CE038D1E6FF8C5005A0780 /* MeiLiTV */,
			);
		};
/* End PBXProject section */

/* Begin PBXResourcesBuildPhase section */
		57CE038C1E6FF8C5005A0780 /* Resources */ = {
			isa = PBXResourcesBuildPhase;
			buildActionMask = 2147483647;
			files = (
				576A79F41EBCB33D0036653F /* MainSectionHeaderView.xib in Resources */,
				576A79E41EBCB33D0036653F /* SettingViewController.xib in Resources */,
				576A79E21EBCB33D0036653F /* PersonalViewController.xib in Resources */,
				5735175B1EBDC21C00A940B8 /* LiveListCollectionViewController.xib in Resources */,
				576A79CE1EBCB33D0036653F /* AttentionViewController.xib in Resources */,
				576A79EB1EBCB33D0036653F /* LoginView.xib in Resources */,
				576A79D91EBCB33D0036653F /* LoginViewController.xib in Resources */,
				576A79DD1EBCB33D0036653F /* LiveRoomViewController.xib in Resources */,
				576A79D51EBCB33D0036653F /* LiveViewController.xib in Resources */,
				573517591EBDACBF00A940B8 /* LiveTypeCollectionViewController.xib in Resources */,
				57CE03991E6FF8C6005A0780 /* Assets.xcassets in Resources */,
				576A79F21EBCB33D0036653F /* MainHeaderView.xib in Resources */,
				573FC64F1E710AB700443B6C /* LaunchScreen.storyboard in Resources */,
				576A79FA1EBCB33D0036653F /* MineCollectionViewCell.xib in Resources */,
				576A79E61EBCB33D0036653F /* PlayerViewController.xib in Resources */,
				576A79FC1EBCB33D0036653F /* PersonalTableViewCell.xib in Resources */,
				573FC6511E710AB700443B6C /* Main.storyboard in Resources */,
				57DC19A91E9DDAB40024A51D /* LICENSE in Resources */,
				577C04C11ED29B930091536E /* LiveLoadingView.xib in Resources */,
				576A79DF1EBCB33D0036653F /* MainViewController.xib in Resources */,
				576A79F71EBCB33D0036653F /* MainTopCollectionViewCell.xib in Resources */,
				576A79FE1EBCB33D0036653F /* SettingTableViewCell.xib in Resources */,
				57F9501D1EDC4F6C00468DFA /* ChatTableViewCell.xib in Resources */,
				576A79DB1EBCB33D0036653F /* RegisterViewController.xib in Resources */,
				576A79F01EBCB33D0036653F /* MainCollectionViewCell.xib in Resources */,
				576A79D71EBCB33D0036653F /* ChangePwdViewController.xib in Resources */,
			);
			runOnlyForDeploymentPostprocessing = 0;
		};
/* End PBXResourcesBuildPhase section */

/* Begin PBXShellScriptBuildPhase section */
		8D8506073DF46D66D0E9D916 /* [CP] Copy Pods Resources */ = {
			isa = PBXShellScriptBuildPhase;
			buildActionMask = 2147483647;
			files = (
			);
			inputPaths = (
			);
			name = "[CP] Copy Pods Resources";
			outputPaths = (
			);
			runOnlyForDeploymentPostprocessing = 0;
			shellPath = /bin/sh;
			shellScript = "\"${SRCROOT}/Pods/Target Support Files/Pods-MeiLiTV/Pods-MeiLiTV-resources.sh\"\n";
			showEnvVarsInLog = 0;
		};
		9F2DAA3EE2D9ADAC83ABC665 /* [CP] Embed Pods Frameworks */ = {
			isa = PBXShellScriptBuildPhase;
			buildActionMask = 2147483647;
			files = (
			);
			inputPaths = (
			);
			name = "[CP] Embed Pods Frameworks";
			outputPaths = (
			);
			runOnlyForDeploymentPostprocessing = 0;
			shellPath = /bin/sh;
			shellScript = "\"${SRCROOT}/Pods/Target Support Files/Pods-MeiLiTV/Pods-MeiLiTV-frameworks.sh\"\n";
			showEnvVarsInLog = 0;
		};
		C3B24D5B54993DF920AAD139 /* [CP] Check Pods Manifest.lock */ = {
			isa = PBXShellScriptBuildPhase;
			buildActionMask = 2147483647;
			files = (
			);
			inputPaths = (
			);
			name = "[CP] Check Pods Manifest.lock";
			outputPaths = (
			);
			runOnlyForDeploymentPostprocessing = 0;
			shellPath = /bin/sh;
			shellScript = "diff \"${PODS_ROOT}/../Podfile.lock\" \"${PODS_ROOT}/Manifest.lock\" > /dev/null\nif [ $? != 0 ] ; then\n    # print error to STDERR\n    echo \"error: The sandbox is not in sync with the Podfile.lock. Run 'pod install' or update your CocoaPods installation.\" >&2\n    exit 1\nfi\n";
			showEnvVarsInLog = 0;
		};
/* End PBXShellScriptBuildPhase section */

/* Begin PBXSourcesBuildPhase section */
		57CE038A1E6FF8C5005A0780 /* Sources */ = {
			isa = PBXSourcesBuildPhase;
			buildActionMask = 2147483647;
			files = (
				576A79FB1EBCB33D0036653F /* PersonalTableViewCell.swift in Sources */,
				5733CC691EB485C8004AA22E /* LAXAFManager.swift in Sources */,
				57B030F61ED4364D005663C0 /* LiveChatTableView.swift in Sources */,
				57AF01891EB58CF100751DAD /* LiveListResultModel.swift in Sources */,
				576A79D01EBCB33D0036653F /* DetailViewController.swift in Sources */,
				57DC19A61E9DDAB40024A51D /* RoomListResultModel.swift in Sources */,
				576A7A001EBCC3AC0036653F /* LiveDemoManager.swift in Sources */,
				5733CC6B1EB485FF004AA22E /* LAXMJRefressManager.swift in Sources */,
				576A79D41EBCB33D0036653F /* LiveViewController.swift in Sources */,
				573FC6561E710AB700443B6C /* MLTVAppDelegate.swift in Sources */,
				576A79D31EBCB33D0036653F /* LiveTypeCollectionViewController.swift in Sources */,
				57DC19B71E9DDAB40024A51D /* LAXCameraViewController.swift in Sources */,
				576A79E91EBCB33D0036653F /* LoadPlaceholderView.swift in Sources */,
				576A79E81EBCB33D0036653F /* LAXCustomButton.swift in Sources */,
				57DC19B41E9DDAB40024A51D /* String+RemoveSpace.swift in Sources */,
				57E310581EA4BA8A008525AD /* NetworkActivityIndicator.swift in Sources */,
				57DC19BF1E9DDAB40024A51D /* LAXNavigationController.swift in Sources */,
				572789801E9F206F00A14FDA /* SliderResultModel.swift in Sources */,
				577C04C01ED29B930091536E /* LiveLoadingView.swift in Sources */,
				576A79E01EBCB33D0036653F /* MineViewController.swift in Sources */,
				57AF01871EB58B6600751DAD /* LiveTypeResultModel.swift in Sources */,
				57DC19B91E9DDAB40024A51D /* LAXLocationManager.swift in Sources */,
				57DC19AE1E9DDAB40024A51D /* LAXAnimationedTransition.swift in Sources */,
				57DC19BC1E9DDAB40024A51D /* LAXSplitLineView.swift in Sources */,
				57DC19AF1E9DDAB40024A51D /* LAXAnimationTabBar.swift in Sources */,
				576A79DE1EBCB33D0036653F /* MainViewController.swift in Sources */,
				57DC19C31E9DDAB40024A51D /* LAXTabBarPlusController.swift in Sources */,
				57E30F981EA48AEF008525AD /* LAXTabBar.swift in Sources */,
				57DC19B31E9DDAB40024A51D /* String+GetBounds.swift in Sources */,
				576A79F11EBCB33D0036653F /* MainHeaderView.swift in Sources */,
				57E30F1D1EA48869008525AD /* LAXAlertLabelView.swift in Sources */,
				57E310541EA4B7FF008525AD /* LAXKeyBoard.swift in Sources */,
				572789701E9F0EE800A14FDA /* TAAnimatedDotView.m in Sources */,
				572789741E9F0EE800A14FDA /* SDCycleScrollView.m in Sources */,
				576A266D1EADDAB4006DD20D /* STTModel.m in Sources */,
				57C950571EA711C90072D13E /* LiveRoomResultModel.swift in Sources */,
				576A79F31EBCB33D0036653F /* MainSectionHeaderView.swift in Sources */,
				57C9505C1EA743A00072D13E /* LAXReachabilityManager.swift in Sources */,
				5727897B1E9F11A600A14FDA /* MainViewDelegate.swift in Sources */,
				576A266C1EADDAB4006DD20D /* LiveChatModel.swift in Sources */,
				5733CC581EB46CD2004AA22E /* LiveViewModel.swift in Sources */,
				57DC19AA1E9DDAB40024A51D /* README.md in Sources */,
				576A79F61EBCB33D0036653F /* MainTopCollectionViewCell.swift in Sources */,
				576A79D11EBCB33D0036653F /* RootViewController.swift in Sources */,
				57DC19BE1E9DDAB40024A51D /* LAXNavigationBar.swift in Sources */,
				57DC19AC1E9DDAB40024A51D /* LAXAlertView.swift in Sources */,
				57DC19BD1E9DDAB40024A51D /* LAXMeViewController.swift in Sources */,
				576A79E31EBCB33D0036653F /* SettingViewController.swift in Sources */,
				572789731E9F0EE800A14FDA /* SDCollectionViewCell.m in Sources */,
				5727898A1E9F402900A14FDA /* BaseJSONModel.m in Sources */,
				57E30F991EA48AEF008525AD /* LAXTabBarController.swift in Sources */,
				57DC19B11E9DDAB40024A51D /* Color+Custom.swift in Sources */,
				57DC19B51E9DDAB40024A51D /* UIImageView+ShowInWindow.m in Sources */,
				57DC19EF1E9DDAB40024A51D /* MainViewModel.swift in Sources */,
				57DC19C91E9DDAB40024A51D /* ConstantHeader.swift in Sources */,
				576A79DA1EBCB33D0036653F /* RegisterViewController.swift in Sources */,
				576A79EA1EBCB33D0036653F /* LoginView.swift in Sources */,
				576A79E51EBCB33D0036653F /* PlayerViewController.swift in Sources */,
				576A79DC1EBCB33D0036653F /* LiveRoomViewController.swift in Sources */,
				576A79D81EBCB33D0036653F /* LoginViewController.swift in Sources */,
				57DC19C41E9DDAB40024A51D /* ChatTextView.m in Sources */,
				572789751E9F0EE800A14FDA /* UIView+SDExtension.m in Sources */,
				57DC19AD1E9DDAB40024A51D /* LAXAnimation.m in Sources */,
				572789721E9F0EE800A14FDA /* TAPageControl.m in Sources */,
				576A26741EADDB3F006DD20D /* STTSerialization.m in Sources */,
				576A79E11EBCB33D0036653F /* PersonalViewController.swift in Sources */,
				57DC19C21E9DDAB40024A51D /* LAXTabBarPlus.swift in Sources */,
				57DC19C51E9DDAB40024A51D /* LAXTextView.m in Sources */,
				57F9501C1EDC4F6C00468DFA /* ChatTableViewCell.swift in Sources */,
				576A79CD1EBCB33D0036653F /* AttentionViewController.swift in Sources */,
				57F950201EDC4F8B00468DFA /* LiveDetailUIHView.swift in Sources */,
				57DC19A81E9DDAB40024A51D /* CCMBorderView.m in Sources */,
				576A79D21EBCB33D0036653F /* LiveListCollectionViewController.swift in Sources */,
				576A26771EADDC95006DD20D /* GCDAsyncSocket.m in Sources */,
				57E30FDC1EA48BD5008525AD /* UIViewController+AlertView.swift in Sources */,
				576A79D61EBCB33D0036653F /* ChangePwdViewController.swift in Sources */,
				576A79F91EBCB33D0036653F /* MineCollectionViewCell.swift in Sources */,
				5733CC671EB47EF4004AA22E /* MineModel.swift in Sources */,
				57C9505E1EA7500B0072D13E /* LAXTimerManager.swift in Sources */,
				576A79CF1EBCB33D0036653F /* BaseViewController.swift in Sources */,
				57DC19B81E9DDAB40024A51D /* LAXImagePickerController.swift in Sources */,
				572789711E9F0EE800A14FDA /* TADotView.m in Sources */,
				576A79EF1EBCB33D0036653F /* MainCollectionViewCell.swift in Sources */,
				576A79FD1EBCB33D0036653F /* SettingTableViewCell.swift in Sources */,
				5727896F1E9F0EE800A14FDA /* TAAbstractDotView.m in Sources */,
				57DC19BB1E9DDAB40024A51D /* LAXMenuBarController.swift in Sources */,
				576A79F81EBCB33D0036653F /* MineCollectionView.swift in Sources */,
				57B84F131EA3846A00191FD7 /* Reachability.m in Sources */,
				5733CC5D1EB47510004AA22E /* LiveMenuResultModel.swift in Sources */,
				5735175D1EBDC57300A940B8 /* StatusBackgroundView.swift in Sources */,
				57DC19C71E9DDAB40024A51D /* LAXConstantHeader.swift in Sources */,
				57DC19B01E9DDAB40024A51D /* LAXAnimationTabBarController.swift in Sources */,
				57DC19CA1E9DDAB40024A51D /* Util.swift in Sources */,
				570B7E4D1EB2E20E002EF052 /* MineViewDelegate.swift in Sources */,
				57F950221EDC577400468DFA /* BarrageView.swift in Sources */,
				57DC19BA1E9DDAB40024A51D /* LAXMenuBar.swift in Sources */,
				576A79F51EBCB33D0036653F /* MainTopCollectionView.swift in Sources */,
				57DC19AB1E9DDAB40024A51D /* CocoaSecurity.m in Sources */,
				576A26731EADDB3F006DD20D /* LiveChatManager.m in Sources */,
			);
			runOnlyForDeploymentPostprocessing = 0;
		};
/* End PBXSourcesBuildPhase section */

/* Begin PBXVariantGroup section */
		573FC6371E710AB700443B6C /* LaunchScreen.storyboard */ = {
			isa = PBXVariantGroup;
			children = (
				573FC6381E710AB700443B6C /* Base */,
			);
			name = LaunchScreen.storyboard;
			sourceTree = "<group>";
		};
		573FC63B1E710AB700443B6C /* Main.storyboard */ = {
			isa = PBXVariantGroup;
			children = (
				573FC63C1E710AB700443B6C /* Base */,
			);
			name = Main.storyboard;
			sourceTree = "<group>";
		};
/* End PBXVariantGroup section */

/* Begin XCBuildConfiguration section */
		57CE039E1E6FF8C6005A0780 /* Debug */ = {
			isa = XCBuildConfiguration;
			buildSettings = {
				ALWAYS_SEARCH_USER_PATHS = NO;
				CLANG_ANALYZER_NONNULL = YES;
				CLANG_CXX_LANGUAGE_STANDARD = "gnu++0x";
				CLANG_CXX_LIBRARY = "libc++";
				CLANG_ENABLE_MODULES = YES;
				CLANG_ENABLE_OBJC_ARC = YES;
				CLANG_WARN_BOOL_CONVERSION = YES;
				CLANG_WARN_CONSTANT_CONVERSION = YES;
				CLANG_WARN_DIRECT_OBJC_ISA_USAGE = YES_ERROR;
				CLANG_WARN_DOCUMENTATION_COMMENTS = YES;
				CLANG_WARN_EMPTY_BODY = YES;
				CLANG_WARN_ENUM_CONVERSION = YES;
				CLANG_WARN_INFINITE_RECURSION = YES;
				CLANG_WARN_INT_CONVERSION = YES;
				CLANG_WARN_OBJC_ROOT_CLASS = YES_ERROR;
				CLANG_WARN_SUSPICIOUS_MOVE = YES;
				CLANG_WARN_UNREACHABLE_CODE = YES;
				CLANG_WARN__DUPLICATE_METHOD_MATCH = YES;
				"CODE_SIGN_IDENTITY[sdk=iphoneos*]" = "iPhone Developer";
				COPY_PHASE_STRIP = NO;
				DEBUG_INFORMATION_FORMAT = dwarf;
				ENABLE_STRICT_OBJC_MSGSEND = YES;
				ENABLE_TESTABILITY = YES;
				GCC_C_LANGUAGE_STANDARD = gnu99;
				GCC_DYNAMIC_NO_PIC = NO;
				GCC_NO_COMMON_BLOCKS = YES;
				GCC_OPTIMIZATION_LEVEL = 0;
				GCC_PREPROCESSOR_DEFINITIONS = (
					"DEBUG=1",
					"$(inherited)",
				);
				GCC_WARN_64_TO_32_BIT_CONVERSION = YES;
				GCC_WARN_ABOUT_RETURN_TYPE = YES_ERROR;
				GCC_WARN_UNDECLARED_SELECTOR = YES;
				GCC_WARN_UNINITIALIZED_AUTOS = YES_AGGRESSIVE;
				GCC_WARN_UNUSED_FUNCTION = YES;
				GCC_WARN_UNUSED_VARIABLE = YES;
				IPHONEOS_DEPLOYMENT_TARGET = 8.0;
				MTL_ENABLE_DEBUG_INFO = YES;
				ONLY_ACTIVE_ARCH = YES;
				SDKROOT = iphoneos;
				SWIFT_ACTIVE_COMPILATION_CONDITIONS = DEBUG;
				SWIFT_OPTIMIZATION_LEVEL = "-Onone";
			};
			name = Debug;
		};
		57CE039F1E6FF8C6005A0780 /* Release */ = {
			isa = XCBuildConfiguration;
			buildSettings = {
				ALWAYS_SEARCH_USER_PATHS = NO;
				CLANG_ANALYZER_NONNULL = YES;
				CLANG_CXX_LANGUAGE_STANDARD = "gnu++0x";
				CLANG_CXX_LIBRARY = "libc++";
				CLANG_ENABLE_MODULES = YES;
				CLANG_ENABLE_OBJC_ARC = YES;
				CLANG_WARN_BOOL_CONVERSION = YES;
				CLANG_WARN_CONSTANT_CONVERSION = YES;
				CLANG_WARN_DIRECT_OBJC_ISA_USAGE = YES_ERROR;
				CLANG_WARN_DOCUMENTATION_COMMENTS = YES;
				CLANG_WARN_EMPTY_BODY = YES;
				CLANG_WARN_ENUM_CONVERSION = YES;
				CLANG_WARN_INFINITE_RECURSION = YES;
				CLANG_WARN_INT_CONVERSION = YES;
				CLANG_WARN_OBJC_ROOT_CLASS = YES_ERROR;
				CLANG_WARN_SUSPICIOUS_MOVE = YES;
				CLANG_WARN_UNREACHABLE_CODE = YES;
				CLANG_WARN__DUPLICATE_METHOD_MATCH = YES;
				"CODE_SIGN_IDENTITY[sdk=iphoneos*]" = "iPhone Developer";
				COPY_PHASE_STRIP = NO;
				DEBUG_INFORMATION_FORMAT = "dwarf-with-dsym";
				ENABLE_NS_ASSERTIONS = NO;
				ENABLE_STRICT_OBJC_MSGSEND = YES;
				GCC_C_LANGUAGE_STANDARD = gnu99;
				GCC_NO_COMMON_BLOCKS = YES;
				GCC_WARN_64_TO_32_BIT_CONVERSION = YES;
				GCC_WARN_ABOUT_RETURN_TYPE = YES_ERROR;
				GCC_WARN_UNDECLARED_SELECTOR = YES;
				GCC_WARN_UNINITIALIZED_AUTOS = YES_AGGRESSIVE;
				GCC_WARN_UNUSED_FUNCTION = YES;
				GCC_WARN_UNUSED_VARIABLE = YES;
				IPHONEOS_DEPLOYMENT_TARGET = 8.0;
				MTL_ENABLE_DEBUG_INFO = NO;
				SDKROOT = iphoneos;
				SWIFT_OPTIMIZATION_LEVEL = "-Owholemodule";
				VALIDATE_PRODUCT = YES;
			};
			name = Release;
		};
		57CE03A11E6FF8C6005A0780 /* Debug */ = {
			isa = XCBuildConfiguration;
			baseConfigurationReference = C0265B932CE98EE4A6AD7D70 /* Pods-MeiLiTV.debug.xcconfig */;
			buildSettings = {
				ASSETCATALOG_COMPILER_APPICON_NAME = AppIcon;
				CODE_SIGN_ENTITLEMENTS = MeiLiTV/MeiLiTV.entitlements;
				CODE_SIGN_IDENTITY = "iPhone Developer";
				DEVELOPMENT_TEAM = 6E7363BSKG;
				ENABLE_BITCODE = NO;
				FRAMEWORK_SEARCH_PATHS = (
					"$(inherited)",
					"$(PROJECT_DIR)/MeiLiTV/Resource",
					"$(PROJECT_DIR)/MeiLiTV/Resource/LAXLibrary",
					"$(PROJECT_DIR)/MeiLiTV/Resource/TCLVBIMDemo/Framework",
					"$(PROJECT_DIR)/MeiLiTV/Resource/TCLVBIMDemo/UMSocial/SocialLibraries/QQ",
					"$(PROJECT_DIR)/MeiLiTV/Resource/TCLVBIMDemo/UMSocial/UMSocialSDK",
					"$(PROJECT_DIR)/MeiLiTV/Resource/UMeng",
				);
				GCC_PRECOMPILE_PREFIX_HEADER = YES;
				GCC_PREFIX_HEADER = "";
				HEADER_SEARCH_PATHS = "";
				INFOPLIST_FILE = MeiLiTV/Info.plist;
				INFOPLIST_PREFIX_HEADER = "";
				IPHONEOS_DEPLOYMENT_TARGET = 8.0;
				LD_RUNPATH_SEARCH_PATHS = "$(inherited) @executable_path/Frameworks";
				LIBRARY_SEARCH_PATHS = (
					"$(inherited)",
					"$(PROJECT_DIR)/MeiLiTV/Resource/TCLVBIMDemo/Framework/COSSDK",
					"$(PROJECT_DIR)/MeiLiTV/Resource/TCLVBIMDemo/Framework/WXApi",
					"$(PROJECT_DIR)/MeiLiTV/Resource/TCLVBIMDemo/UMSocial/SocialLibraries/QQ",
					"$(PROJECT_DIR)/MeiLiTV/Resource/TCLVBIMDemo/UMSocial/SocialLibraries/Sina",
					"$(PROJECT_DIR)/MeiLiTV/Resource/TCLVBIMDemo/UMSocial/SocialLibraries/WeChat",
				);
				PRODUCT_BUNDLE_IDENTIFIER = com.sdut.MeiLiTV;
				PRODUCT_NAME = "$(TARGET_NAME)";
				SWIFT_OBJC_BRIDGING_HEADER = "$(SRCROOT)/MeiLiTV/Util/MeiLiTVBridgingHeader.h";
				SWIFT_VERSION = 3.0;
				TARGETED_DEVICE_FAMILY = "1,2";
			};
			name = Debug;
		};
		57CE03A21E6FF8C6005A0780 /* Release */ = {
			isa = XCBuildConfiguration;
			baseConfigurationReference = D11F5144D7283BFB5BD67242 /* Pods-MeiLiTV.release.xcconfig */;
			buildSettings = {
				ASSETCATALOG_COMPILER_APPICON_NAME = AppIcon;
				CODE_SIGN_ENTITLEMENTS = MeiLiTV/MeiLiTV.entitlements;
				CODE_SIGN_IDENTITY = "iPhone Developer";
				DEVELOPMENT_TEAM = 6E7363BSKG;
				ENABLE_BITCODE = NO;
				FRAMEWORK_SEARCH_PATHS = (
					"$(inherited)",
					"$(PROJECT_DIR)/MeiLiTV/Resource",
					"$(PROJECT_DIR)/MeiLiTV/Resource/LAXLibrary",
					"$(PROJECT_DIR)/MeiLiTV/Resource/TCLVBIMDemo/Framework",
					"$(PROJECT_DIR)/MeiLiTV/Resource/TCLVBIMDemo/UMSocial/SocialLibraries/QQ",
					"$(PROJECT_DIR)/MeiLiTV/Resource/TCLVBIMDemo/UMSocial/UMSocialSDK",
					"$(PROJECT_DIR)/MeiLiTV/Resource/UMeng",
				);
				GCC_PRECOMPILE_PREFIX_HEADER = YES;
				GCC_PREFIX_HEADER = "";
				HEADER_SEARCH_PATHS = "";
				INFOPLIST_FILE = MeiLiTV/Info.plist;
				INFOPLIST_PREFIX_HEADER = "";
				IPHONEOS_DEPLOYMENT_TARGET = 8.0;
				LD_RUNPATH_SEARCH_PATHS = "$(inherited) @executable_path/Frameworks";
				LIBRARY_SEARCH_PATHS = (
					"$(inherited)",
					"$(PROJECT_DIR)/MeiLiTV/Resource/TCLVBIMDemo/Framework/COSSDK",
					"$(PROJECT_DIR)/MeiLiTV/Resource/TCLVBIMDemo/Framework/WXApi",
					"$(PROJECT_DIR)/MeiLiTV/Resource/TCLVBIMDemo/UMSocial/SocialLibraries/QQ",
					"$(PROJECT_DIR)/MeiLiTV/Resource/TCLVBIMDemo/UMSocial/SocialLibraries/Sina",
					"$(PROJECT_DIR)/MeiLiTV/Resource/TCLVBIMDemo/UMSocial/SocialLibraries/WeChat",
				);
				PRODUCT_BUNDLE_IDENTIFIER = com.sdut.MeiLiTV;
				PRODUCT_NAME = "$(TARGET_NAME)";
				SWIFT_OBJC_BRIDGING_HEADER = "$(SRCROOT)/MeiLiTV/Util/MeiLiTVBridgingHeader.h";
				SWIFT_VERSION = 3.0;
				TARGETED_DEVICE_FAMILY = "1,2";
			};
			name = Release;
		};
/* End XCBuildConfiguration section */

/* Begin XCConfigurationList section */
		57CE03891E6FF8C5005A0780 /* Build configuration list for PBXProject "MeiLiTV" */ = {
			isa = XCConfigurationList;
			buildConfigurations = (
				57CE039E1E6FF8C6005A0780 /* Debug */,
				57CE039F1E6FF8C6005A0780 /* Release */,
			);
			defaultConfigurationIsVisible = 0;
			defaultConfigurationName = Debug;
		};
		57CE03A01E6FF8C6005A0780 /* Build configuration list for PBXNativeTarget "MeiLiTV" */ = {
			isa = XCConfigurationList;
			buildConfigurations = (
				57CE03A11E6FF8C6005A0780 /* Debug */,
				57CE03A21E6FF8C6005A0780 /* Release */,
			);
			defaultConfigurationIsVisible = 0;
			defaultConfigurationName = Debug;
		};
/* End XCConfigurationList section */
	};
	rootObject = 57CE03861E6FF8C5005A0780 /* Project object */;
}
