// !$*UTF8*$!
{
	archiveVersion = 1;
	classes = {
	};
	objectVersion = 46;
	objects = {

/* Begin PBXBuildFile section */
		579141151E87A89B006EF3AF /* AppDelegate.swift in Sources */ = {isa = PBXBuildFile; fileRef = 579141141E87A89B006EF3AF /* AppDelegate.swift */; };
		579141171E87A89B006EF3AF /* ViewController.swift in Sources */ = {isa = PBXBuildFile; fileRef = 579141161E87A89B006EF3AF /* ViewController.swift */; };
		5791411A1E87A89B006EF3AF /* Main.storyboard in Resources */ = {isa = PBXBuildFile; fileRef = 579141181E87A89B006EF3AF /* Main.storyboard */; };
		5791411C1E87A89B006EF3AF /* Assets.xcassets in Resources */ = {isa = PBXBuildFile; fileRef = 5791411B1E87A89B006EF3AF /* Assets.xcassets */; };
		5791411F1E87A89B006EF3AF /* LaunchScreen.storyboard in Resources */ = {isa = PBXBuildFile; fileRef = 5791411D1E87A89B006EF3AF /* LaunchScreen.storyboard */; };
		5791416D1E87A8D4006EF3AF /* LaunchScreen.storyboard in Resources */ = {isa = PBXBuildFile; fileRef = 579141271E87A8D3006EF3AF /* LaunchScreen.storyboard */; };
		5791416E1E87A8D4006EF3AF /* Main.storyboard in Resources */ = {isa = PBXBuildFile; fileRef = 579141291E87A8D3006EF3AF /* Main.storyboard */; };
		57DE30291E8A6DFC00C60464 /* MainModel.swift in Sources */ = {isa = PBXBuildFile; fileRef = 57DE2FDE1E8A6DFC00C60464 /* MainModel.swift */; };
		57DE302A1E8A6DFC00C60464 /* LAXAnimation.m in Sources */ = {isa = PBXBuildFile; fileRef = 57DE2FE31E8A6DFC00C60464 /* LAXAnimation.m */; };
		57DE302B1E8A6DFC00C60464 /* LAXAnimationedTransition.swift in Sources */ = {isa = PBXBuildFile; fileRef = 57DE2FE51E8A6DFC00C60464 /* LAXAnimationedTransition.swift */; };
		57DE302C1E8A6DFC00C60464 /* LAXInteractiveTransition.swift in Sources */ = {isa = PBXBuildFile; fileRef = 57DE2FE61E8A6DFC00C60464 /* LAXInteractiveTransition.swift */; };
		57DE302D1E8A6DFC00C60464 /* LAXTransitioningDelegate.swift in Sources */ = {isa = PBXBuildFile; fileRef = 57DE2FE71E8A6DFC00C60464 /* LAXTransitioningDelegate.swift */; };
		57DE302E1E8A6DFC00C60464 /* LAXMenuBar.swift in Sources */ = {isa = PBXBuildFile; fileRef = 57DE2FE91E8A6DFC00C60464 /* LAXMenuBar.swift */; };
		57DE302F1E8A6DFC00C60464 /* LAXMenuBarController.swift in Sources */ = {isa = PBXBuildFile; fileRef = 57DE2FEA1E8A6DFC00C60464 /* LAXMenuBarController.swift */; };
		57DE30301E8A6DFC00C60464 /* LAXSplitLineView.swift in Sources */ = {isa = PBXBuildFile; fileRef = 57DE2FEB1E8A6DFC00C60464 /* LAXSplitLineView.swift */; };
		57DE30311E8A6DFC00C60464 /* LAXMeViewController.swift in Sources */ = {isa = PBXBuildFile; fileRef = 57DE2FED1E8A6DFC00C60464 /* LAXMeViewController.swift */; };
		57DE30321E8A6DFC00C60464 /* LAXNavigationBar.swift in Sources */ = {isa = PBXBuildFile; fileRef = 57DE2FEF1E8A6DFC00C60464 /* LAXNavigationBar.swift */; };
		57DE30331E8A6DFC00C60464 /* LAXNavigationController.swift in Sources */ = {isa = PBXBuildFile; fileRef = 57DE2FF01E8A6DFC00C60464 /* LAXNavigationController.swift */; };
		57DE30341E8A6DFC00C60464 /* LAXTabBar.swift in Sources */ = {isa = PBXBuildFile; fileRef = 57DE2FF21E8A6DFC00C60464 /* LAXTabBar.swift */; };
		57DE30351E8A6DFC00C60464 /* LAXTabBarController.swift in Sources */ = {isa = PBXBuildFile; fileRef = 57DE2FF31E8A6DFC00C60464 /* LAXTabBarController.swift */; };
		57DE30361E8A6DFC00C60464 /* LAXTabBarPlus.swift in Sources */ = {isa = PBXBuildFile; fileRef = 57DE2FF51E8A6DFC00C60464 /* LAXTabBarPlus.swift */; };
		57DE30371E8A6DFC00C60464 /* LAXTabBarPlusController.swift in Sources */ = {isa = PBXBuildFile; fileRef = 57DE2FF61E8A6DFC00C60464 /* LAXTabBarPlusController.swift */; };
		57DE30381E8A6DFC00C60464 /* String+GetBounds.swift in Sources */ = {isa = PBXBuildFile; fileRef = 57DE2FF81E8A6DFC00C60464 /* String+GetBounds.swift */; };
		57DE30391E8A6DFC00C60464 /* String+RemoveSpace.swift in Sources */ = {isa = PBXBuildFile; fileRef = 57DE2FF91E8A6DFC00C60464 /* String+RemoveSpace.swift */; };
		57DE303A1E8A6DFC00C60464 /* ConstantHeader.swift in Sources */ = {isa = PBXBuildFile; fileRef = 57DE2FFB1E8A6DFC00C60464 /* ConstantHeader.swift */; };
		57DE303B1E8A6DFC00C60464 /* Util.swift in Sources */ = {isa = PBXBuildFile; fileRef = 57DE2FFE1E8A6DFC00C60464 /* Util.swift */; };
		57DE303C1E8A6DFC00C60464 /* AttentionViewController.swift in Sources */ = {isa = PBXBuildFile; fileRef = 57DE30021E8A6DFC00C60464 /* AttentionViewController.swift */; };
		57DE303D1E8A6DFC00C60464 /* AttentionViewController.xib in Resources */ = {isa = PBXBuildFile; fileRef = 57DE30031E8A6DFC00C60464 /* AttentionViewController.xib */; };
		57DE303E1E8A6DFC00C60464 /* BaseViewController.swift in Sources */ = {isa = PBXBuildFile; fileRef = 57DE30051E8A6DFC00C60464 /* BaseViewController.swift */; };
		57DE303F1E8A6DFC00C60464 /* DetailViewController.swift in Sources */ = {isa = PBXBuildFile; fileRef = 57DE30061E8A6DFC00C60464 /* DetailViewController.swift */; };
		57DE30401E8A6DFC00C60464 /* RootViewController.swift in Sources */ = {isa = PBXBuildFile; fileRef = 57DE30071E8A6DFC00C60464 /* RootViewController.swift */; };
		57DE30411E8A6DFC00C60464 /* LiveViewController.swift in Sources */ = {isa = PBXBuildFile; fileRef = 57DE30091E8A6DFC00C60464 /* LiveViewController.swift */; };
		57DE30421E8A6DFC00C60464 /* LiveViewController.xib in Resources */ = {isa = PBXBuildFile; fileRef = 57DE300A1E8A6DFC00C60464 /* LiveViewController.xib */; };
		57DE30431E8A6DFC00C60464 /* ChangePwdViewController.swift in Sources */ = {isa = PBXBuildFile; fileRef = 57DE300C1E8A6DFC00C60464 /* ChangePwdViewController.swift */; };
		57DE30441E8A6DFC00C60464 /* ChangePwdViewController.xib in Resources */ = {isa = PBXBuildFile; fileRef = 57DE300D1E8A6DFC00C60464 /* ChangePwdViewController.xib */; };
		57DE30451E8A6DFC00C60464 /* LoginViewController.swift in Sources */ = {isa = PBXBuildFile; fileRef = 57DE300E1E8A6DFC00C60464 /* LoginViewController.swift */; };
		57DE30461E8A6DFC00C60464 /* LoginViewController.xib in Resources */ = {isa = PBXBuildFile; fileRef = 57DE300F1E8A6DFC00C60464 /* LoginViewController.xib */; };
		57DE30471E8A6DFC00C60464 /* RegisterViewController.swift in Sources */ = {isa = PBXBuildFile; fileRef = 57DE30101E8A6DFC00C60464 /* RegisterViewController.swift */; };
		57DE30481E8A6DFC00C60464 /* RegisterViewController.xib in Resources */ = {isa = PBXBuildFile; fileRef = 57DE30111E8A6DFC00C60464 /* RegisterViewController.xib */; };
		57DE30491E8A6DFC00C60464 /* MainViewController.swift in Sources */ = {isa = PBXBuildFile; fileRef = 57DE30131E8A6DFC00C60464 /* MainViewController.swift */; };
		57DE304A1E8A6DFC00C60464 /* MainViewController.xib in Resources */ = {isa = PBXBuildFile; fileRef = 57DE30141E8A6DFC00C60464 /* MainViewController.xib */; };
		57DE304B1E8A6DFC00C60464 /* MineViewController.swift in Sources */ = {isa = PBXBuildFile; fileRef = 57DE30161E8A6DFC00C60464 /* MineViewController.swift */; };
		57DE304C1E8A6DFC00C60464 /* PersonalViewController.swift in Sources */ = {isa = PBXBuildFile; fileRef = 57DE30171E8A6DFC00C60464 /* PersonalViewController.swift */; };
		57DE304D1E8A6DFC00C60464 /* PersonalViewController.xib in Resources */ = {isa = PBXBuildFile; fileRef = 57DE30181E8A6DFC00C60464 /* PersonalViewController.xib */; };
		57DE304E1E8A6DFC00C60464 /* PlayerViewController.swift in Sources */ = {isa = PBXBuildFile; fileRef = 57DE301A1E8A6DFC00C60464 /* PlayerViewController.swift */; };
		57DE304F1E8A6DFC00C60464 /* PlayerViewController.xib in Resources */ = {isa = PBXBuildFile; fileRef = 57DE301B1E8A6DFC00C60464 /* PlayerViewController.xib */; };
		57DE30501E8A6DFC00C60464 /* AlertLabelView.swift in Sources */ = {isa = PBXBuildFile; fileRef = 57DE301F1E8A6DFC00C60464 /* AlertLabelView.swift */; };
		57DE30511E8A6DFC00C60464 /* LAXBlueButton.swift in Sources */ = {isa = PBXBuildFile; fileRef = 57DE30201E8A6DFC00C60464 /* LAXBlueButton.swift */; };
		57DE30521E8A6DFC00C60464 /* PersonalTableViewCell.swift in Sources */ = {isa = PBXBuildFile; fileRef = 57DE30241E8A6DFC00C60464 /* PersonalTableViewCell.swift */; };
		57DE30531E8A6DFC00C60464 /* PersonalTableViewCell.xib in Resources */ = {isa = PBXBuildFile; fileRef = 57DE30251E8A6DFC00C60464 /* PersonalTableViewCell.xib */; };
		57DE30541E8A6DFC00C60464 /* MainViewModel.swift in Sources */ = {isa = PBXBuildFile; fileRef = 57DE30281E8A6DFC00C60464 /* MainViewModel.swift */; };
/* End PBXBuildFile section */

/* Begin PBXFileReference section */
		579141111E87A89B006EF3AF /* LAXMeiLiTV.app */ = {isa = PBXFileReference; explicitFileType = wrapper.application; includeInIndex = 0; path = LAXMeiLiTV.app; sourceTree = BUILT_PRODUCTS_DIR; };
		579141141E87A89B006EF3AF /* AppDelegate.swift */ = {isa = PBXFileReference; lastKnownFileType = sourcecode.swift; path = AppDelegate.swift; sourceTree = "<group>"; };
		579141161E87A89B006EF3AF /* ViewController.swift */ = {isa = PBXFileReference; lastKnownFileType = sourcecode.swift; path = ViewController.swift; sourceTree = "<group>"; };
		579141191E87A89B006EF3AF /* Base */ = {isa = PBXFileReference; lastKnownFileType = file.storyboard; name = Base; path = Base.lproj/Main.storyboard; sourceTree = "<group>"; };
		5791411B1E87A89B006EF3AF /* Assets.xcassets */ = {isa = PBXFileReference; lastKnownFileType = folder.assetcatalog; path = Assets.xcassets; sourceTree = "<group>"; };
		5791411E1E87A89B006EF3AF /* Base */ = {isa = PBXFileReference; lastKnownFileType = file.storyboard; name = Base; path = Base.lproj/LaunchScreen.storyboard; sourceTree = "<group>"; };
		579141201E87A89B006EF3AF /* Info.plist */ = {isa = PBXFileReference; lastKnownFileType = text.plist.xml; path = Info.plist; sourceTree = "<group>"; };
		579141281E87A8D3006EF3AF /* Base */ = {isa = PBXFileReference; lastKnownFileType = file.storyboard; name = Base; path = LaunchScreen.storyboard; sourceTree = "<group>"; };
		5791412A1E87A8D3006EF3AF /* Base */ = {isa = PBXFileReference; lastKnownFileType = file.storyboard; name = Base; path = Main.storyboard; sourceTree = "<group>"; };
		57DE2FDE1E8A6DFC00C60464 /* MainModel.swift */ = {isa = PBXFileReference; fileEncoding = 4; lastKnownFileType = sourcecode.swift; path = MainModel.swift; sourceTree = "<group>"; };
		57DE2FE21E8A6DFC00C60464 /* LAXAnimation.h */ = {isa = PBXFileReference; fileEncoding = 4; lastKnownFileType = sourcecode.c.h; path = LAXAnimation.h; sourceTree = "<group>"; };
		57DE2FE31E8A6DFC00C60464 /* LAXAnimation.m */ = {isa = PBXFileReference; fileEncoding = 4; lastKnownFileType = sourcecode.c.objc; path = LAXAnimation.m; sourceTree = "<group>"; };
		57DE2FE51E8A6DFC00C60464 /* LAXAnimationedTransition.swift */ = {isa = PBXFileReference; fileEncoding = 4; lastKnownFileType = sourcecode.swift; path = LAXAnimationedTransition.swift; sourceTree = "<group>"; };
		57DE2FE61E8A6DFC00C60464 /* LAXInteractiveTransition.swift */ = {isa = PBXFileReference; fileEncoding = 4; lastKnownFileType = sourcecode.swift; path = LAXInteractiveTransition.swift; sourceTree = "<group>"; };
		57DE2FE71E8A6DFC00C60464 /* LAXTransitioningDelegate.swift */ = {isa = PBXFileReference; fileEncoding = 4; lastKnownFileType = sourcecode.swift; path = LAXTransitioningDelegate.swift; sourceTree = "<group>"; };
		57DE2FE91E8A6DFC00C60464 /* LAXMenuBar.swift */ = {isa = PBXFileReference; fileEncoding = 4; lastKnownFileType = sourcecode.swift; path = LAXMenuBar.swift; sourceTree = "<group>"; };
		57DE2FEA1E8A6DFC00C60464 /* LAXMenuBarController.swift */ = {isa = PBXFileReference; fileEncoding = 4; lastKnownFileType = sourcecode.swift; path = LAXMenuBarController.swift; sourceTree = "<group>"; };
		57DE2FEB1E8A6DFC00C60464 /* LAXSplitLineView.swift */ = {isa = PBXFileReference; fileEncoding = 4; lastKnownFileType = sourcecode.swift; path = LAXSplitLineView.swift; sourceTree = "<group>"; };
		57DE2FED1E8A6DFC00C60464 /* LAXMeViewController.swift */ = {isa = PBXFileReference; fileEncoding = 4; lastKnownFileType = sourcecode.swift; path = LAXMeViewController.swift; sourceTree = "<group>"; };
		57DE2FEF1E8A6DFC00C60464 /* LAXNavigationBar.swift */ = {isa = PBXFileReference; fileEncoding = 4; lastKnownFileType = sourcecode.swift; path = LAXNavigationBar.swift; sourceTree = "<group>"; };
		57DE2FF01E8A6DFC00C60464 /* LAXNavigationController.swift */ = {isa = PBXFileReference; fileEncoding = 4; lastKnownFileType = sourcecode.swift; path = LAXNavigationController.swift; sourceTree = "<group>"; };
		57DE2FF21E8A6DFC00C60464 /* LAXTabBar.swift */ = {isa = PBXFileReference; fileEncoding = 4; lastKnownFileType = sourcecode.swift; path = LAXTabBar.swift; sourceTree = "<group>"; };
		57DE2FF31E8A6DFC00C60464 /* LAXTabBarController.swift */ = {isa = PBXFileReference; fileEncoding = 4; lastKnownFileType = sourcecode.swift; path = LAXTabBarController.swift; sourceTree = "<group>"; };
		57DE2FF51E8A6DFC00C60464 /* LAXTabBarPlus.swift */ = {isa = PBXFileReference; fileEncoding = 4; lastKnownFileType = sourcecode.swift; path = LAXTabBarPlus.swift; sourceTree = "<group>"; };
		57DE2FF61E8A6DFC00C60464 /* LAXTabBarPlusController.swift */ = {isa = PBXFileReference; fileEncoding = 4; lastKnownFileType = sourcecode.swift; path = LAXTabBarPlusController.swift; sourceTree = "<group>"; };
		57DE2FF81E8A6DFC00C60464 /* String+GetBounds.swift */ = {isa = PBXFileReference; fileEncoding = 4; lastKnownFileType = sourcecode.swift; path = "String+GetBounds.swift"; sourceTree = "<group>"; };
		57DE2FF91E8A6DFC00C60464 /* String+RemoveSpace.swift */ = {isa = PBXFileReference; fileEncoding = 4; lastKnownFileType = sourcecode.swift; path = "String+RemoveSpace.swift"; sourceTree = "<group>"; };
		57DE2FFB1E8A6DFC00C60464 /* ConstantHeader.swift */ = {isa = PBXFileReference; fileEncoding = 4; lastKnownFileType = sourcecode.swift; path = ConstantHeader.swift; sourceTree = "<group>"; };
		57DE2FFC1E8A6DFC00C60464 /* InterfaceHeader.h */ = {isa = PBXFileReference; fileEncoding = 4; lastKnownFileType = sourcecode.c.h; path = InterfaceHeader.h; sourceTree = "<group>"; };
		57DE2FFD1E8A6DFC00C60464 /* LAXMeiLiTVBridgingHeader.h */ = {isa = PBXFileReference; fileEncoding = 4; lastKnownFileType = sourcecode.c.h; path = LAXMeiLiTVBridgingHeader.h; sourceTree = "<group>"; };
		57DE2FFE1E8A6DFC00C60464 /* Util.swift */ = {isa = PBXFileReference; fileEncoding = 4; lastKnownFileType = sourcecode.swift; path = Util.swift; sourceTree = "<group>"; };
		57DE30021E8A6DFC00C60464 /* AttentionViewController.swift */ = {isa = PBXFileReference; fileEncoding = 4; lastKnownFileType = sourcecode.swift; path = AttentionViewController.swift; sourceTree = "<group>"; };
		57DE30031E8A6DFC00C60464 /* AttentionViewController.xib */ = {isa = PBXFileReference; fileEncoding = 4; lastKnownFileType = file.xib; path = AttentionViewController.xib; sourceTree = "<group>"; };
		57DE30051E8A6DFC00C60464 /* BaseViewController.swift */ = {isa = PBXFileReference; fileEncoding = 4; lastKnownFileType = sourcecode.swift; path = BaseViewController.swift; sourceTree = "<group>"; };
		57DE30061E8A6DFC00C60464 /* DetailViewController.swift */ = {isa = PBXFileReference; fileEncoding = 4; lastKnownFileType = sourcecode.swift; path = DetailViewController.swift; sourceTree = "<group>"; };
		57DE30071E8A6DFC00C60464 /* RootViewController.swift */ = {isa = PBXFileReference; fileEncoding = 4; lastKnownFileType = sourcecode.swift; path = RootViewController.swift; sourceTree = "<group>"; };
		57DE30091E8A6DFC00C60464 /* LiveViewController.swift */ = {isa = PBXFileReference; fileEncoding = 4; lastKnownFileType = sourcecode.swift; path = LiveViewController.swift; sourceTree = "<group>"; };
		57DE300A1E8A6DFC00C60464 /* LiveViewController.xib */ = {isa = PBXFileReference; fileEncoding = 4; lastKnownFileType = file.xib; path = LiveViewController.xib; sourceTree = "<group>"; };
		57DE300C1E8A6DFC00C60464 /* ChangePwdViewController.swift */ = {isa = PBXFileReference; fileEncoding = 4; lastKnownFileType = sourcecode.swift; path = ChangePwdViewController.swift; sourceTree = "<group>"; };
		57DE300D1E8A6DFC00C60464 /* ChangePwdViewController.xib */ = {isa = PBXFileReference; fileEncoding = 4; lastKnownFileType = file.xib; path = ChangePwdViewController.xib; sourceTree = "<group>"; };
		57DE300E1E8A6DFC00C60464 /* LoginViewController.swift */ = {isa = PBXFileReference; fileEncoding = 4; lastKnownFileType = sourcecode.swift; path = LoginViewController.swift; sourceTree = "<group>"; };
		57DE300F1E8A6DFC00C60464 /* LoginViewController.xib */ = {isa = PBXFileReference; fileEncoding = 4; lastKnownFileType = file.xib; path = LoginViewController.xib; sourceTree = "<group>"; };
		57DE30101E8A6DFC00C60464 /* RegisterViewController.swift */ = {isa = PBXFileReference; fileEncoding = 4; lastKnownFileType = sourcecode.swift; path = RegisterViewController.swift; sourceTree = "<group>"; };
		57DE30111E8A6DFC00C60464 /* RegisterViewController.xib */ = {isa = PBXFileReference; fileEncoding = 4; lastKnownFileType = file.xib; path = RegisterViewController.xib; sourceTree = "<group>"; };
		57DE30131E8A6DFC00C60464 /* MainViewController.swift */ = {isa = PBXFileReference; fileEncoding = 4; lastKnownFileType = sourcecode.swift; path = MainViewController.swift; sourceTree = "<group>"; };
		57DE30141E8A6DFC00C60464 /* MainViewController.xib */ = {isa = PBXFileReference; fileEncoding = 4; lastKnownFileType = file.xib; path = MainViewController.xib; sourceTree = "<group>"; };
		57DE30161E8A6DFC00C60464 /* MineViewController.swift */ = {isa = PBXFileReference; fileEncoding = 4; lastKnownFileType = sourcecode.swift; path = MineViewController.swift; sourceTree = "<group>"; };
		57DE30171E8A6DFC00C60464 /* PersonalViewController.swift */ = {isa = PBXFileReference; fileEncoding = 4; lastKnownFileType = sourcecode.swift; path = PersonalViewController.swift; sourceTree = "<group>"; };
		57DE30181E8A6DFC00C60464 /* PersonalViewController.xib */ = {isa = PBXFileReference; fileEncoding = 4; lastKnownFileType = file.xib; path = PersonalViewController.xib; sourceTree = "<group>"; };
		57DE301A1E8A6DFC00C60464 /* PlayerViewController.swift */ = {isa = PBXFileReference; fileEncoding = 4; lastKnownFileType = sourcecode.swift; path = PlayerViewController.swift; sourceTree = "<group>"; };
		57DE301B1E8A6DFC00C60464 /* PlayerViewController.xib */ = {isa = PBXFileReference; fileEncoding = 4; lastKnownFileType = file.xib; path = PlayerViewController.xib; sourceTree = "<group>"; };
		57DE301F1E8A6DFC00C60464 /* AlertLabelView.swift */ = {isa = PBXFileReference; fileEncoding = 4; lastKnownFileType = sourcecode.swift; path = AlertLabelView.swift; sourceTree = "<group>"; };
		57DE30201E8A6DFC00C60464 /* LAXBlueButton.swift */ = {isa = PBXFileReference; fileEncoding = 4; lastKnownFileType = sourcecode.swift; path = LAXBlueButton.swift; sourceTree = "<group>"; };
		57DE30241E8A6DFC00C60464 /* PersonalTableViewCell.swift */ = {isa = PBXFileReference; fileEncoding = 4; lastKnownFileType = sourcecode.swift; path = PersonalTableViewCell.swift; sourceTree = "<group>"; };
		57DE30251E8A6DFC00C60464 /* PersonalTableViewCell.xib */ = {isa = PBXFileReference; fileEncoding = 4; lastKnownFileType = file.xib; path = PersonalTableViewCell.xib; sourceTree = "<group>"; };
		57DE30281E8A6DFC00C60464 /* MainViewModel.swift */ = {isa = PBXFileReference; fileEncoding = 4; lastKnownFileType = sourcecode.swift; path = MainViewModel.swift; sourceTree = "<group>"; };
/* End PBXFileReference section */

/* Begin PBXFrameworksBuildPhase section */
		5791410E1E87A89B006EF3AF /* Frameworks */ = {
			isa = PBXFrameworksBuildPhase;
			buildActionMask = 2147483647;
			files = (
			);
			runOnlyForDeploymentPostprocessing = 0;
		};
/* End PBXFrameworksBuildPhase section */

/* Begin PBXGroup section */
		579141081E87A89B006EF3AF = {
			isa = PBXGroup;
			children = (
				579141131E87A89B006EF3AF /* LAXMeiLiTV */,
				579141121E87A89B006EF3AF /* Products */,
			);
			sourceTree = "<group>";
		};
		579141121E87A89B006EF3AF /* Products */ = {
			isa = PBXGroup;
			children = (
				579141111E87A89B006EF3AF /* LAXMeiLiTV.app */,
			);
			name = Products;
			sourceTree = "<group>";
		};
		579141131E87A89B006EF3AF /* LAXMeiLiTV */ = {
			isa = PBXGroup;
			children = (
				579141261E87A8D3006EF3AF /* Base.lproj */,
				57DE2FDD1E8A6DFC00C60464 /* Model */,
				57DE2FDF1E8A6DFC00C60464 /* Resource */,
				57DE2FFA1E8A6DFC00C60464 /* Util */,
				57DE2FFF1E8A6DFC00C60464 /* View */,
				57DE30271E8A6DFC00C60464 /* ViewModel */,
				579141141E87A89B006EF3AF /* AppDelegate.swift */,
				579141161E87A89B006EF3AF /* ViewController.swift */,
				579141181E87A89B006EF3AF /* Main.storyboard */,
				5791411B1E87A89B006EF3AF /* Assets.xcassets */,
				5791411D1E87A89B006EF3AF /* LaunchScreen.storyboard */,
				579141201E87A89B006EF3AF /* Info.plist */,
			);
			path = LAXMeiLiTV;
			sourceTree = "<group>";
		};
		579141261E87A8D3006EF3AF /* Base.lproj */ = {
			isa = PBXGroup;
			children = (
				579141271E87A8D3006EF3AF /* LaunchScreen.storyboard */,
				579141291E87A8D3006EF3AF /* Main.storyboard */,
			);
			path = Base.lproj;
			sourceTree = "<group>";
		};
		57DE2FDD1E8A6DFC00C60464 /* Model */ = {
			isa = PBXGroup;
			children = (
				57DE2FDE1E8A6DFC00C60464 /* MainModel.swift */,
			);
			path = Model;
			sourceTree = "<group>";
		};
		57DE2FDF1E8A6DFC00C60464 /* Resource */ = {
			isa = PBXGroup;
			children = (
				57DE2FE01E8A6DFC00C60464 /* LAXLibrary */,
			);
			path = Resource;
			sourceTree = "<group>";
		};
		57DE2FE01E8A6DFC00C60464 /* LAXLibrary */ = {
			isa = PBXGroup;
			children = (
				57DE2FE11E8A6DFC00C60464 /* LAXAnimation */,
				57DE2FE41E8A6DFC00C60464 /* LAXAnimationTabBarController */,
				57DE2FE81E8A6DFC00C60464 /* LAXMenuBarController */,
				57DE2FEC1E8A6DFC00C60464 /* LAXMeViewController */,
				57DE2FEE1E8A6DFC00C60464 /* LAXNavigationController */,
				57DE2FF11E8A6DFC00C60464 /* LAXTabBarController */,
				57DE2FF41E8A6DFC00C60464 /* LAXTabBarPlusController */,
				57DE2FF71E8A6DFC00C60464 /* LAXUtil */,
			);
			path = LAXLibrary;
			sourceTree = "<group>";
		};
		57DE2FE11E8A6DFC00C60464 /* LAXAnimation */ = {
			isa = PBXGroup;
			children = (
				57DE2FE21E8A6DFC00C60464 /* LAXAnimation.h */,
				57DE2FE31E8A6DFC00C60464 /* LAXAnimation.m */,
			);
			path = LAXAnimation;
			sourceTree = "<group>";
		};
		57DE2FE41E8A6DFC00C60464 /* LAXAnimationTabBarController */ = {
			isa = PBXGroup;
			children = (
				57DE2FE51E8A6DFC00C60464 /* LAXAnimationedTransition.swift */,
				57DE2FE61E8A6DFC00C60464 /* LAXInteractiveTransition.swift */,
				57DE2FE71E8A6DFC00C60464 /* LAXTransitioningDelegate.swift */,
			);
			path = LAXAnimationTabBarController;
			sourceTree = "<group>";
		};
		57DE2FE81E8A6DFC00C60464 /* LAXMenuBarController */ = {
			isa = PBXGroup;
			children = (
				57DE2FE91E8A6DFC00C60464 /* LAXMenuBar.swift */,
				57DE2FEA1E8A6DFC00C60464 /* LAXMenuBarController.swift */,
				57DE2FEB1E8A6DFC00C60464 /* LAXSplitLineView.swift */,
			);
			path = LAXMenuBarController;
			sourceTree = "<group>";
		};
		57DE2FEC1E8A6DFC00C60464 /* LAXMeViewController */ = {
			isa = PBXGroup;
			children = (
				57DE2FED1E8A6DFC00C60464 /* LAXMeViewController.swift */,
			);
			path = LAXMeViewController;
			sourceTree = "<group>";
		};
		57DE2FEE1E8A6DFC00C60464 /* LAXNavigationController */ = {
			isa = PBXGroup;
			children = (
				57DE2FEF1E8A6DFC00C60464 /* LAXNavigationBar.swift */,
				57DE2FF01E8A6DFC00C60464 /* LAXNavigationController.swift */,
			);
			path = LAXNavigationController;
			sourceTree = "<group>";
		};
		57DE2FF11E8A6DFC00C60464 /* LAXTabBarController */ = {
			isa = PBXGroup;
			children = (
				57DE2FF21E8A6DFC00C60464 /* LAXTabBar.swift */,
				57DE2FF31E8A6DFC00C60464 /* LAXTabBarController.swift */,
			);
			path = LAXTabBarController;
			sourceTree = "<group>";
		};
		57DE2FF41E8A6DFC00C60464 /* LAXTabBarPlusController */ = {
			isa = PBXGroup;
			children = (
				57DE2FF51E8A6DFC00C60464 /* LAXTabBarPlus.swift */,
				57DE2FF61E8A6DFC00C60464 /* LAXTabBarPlusController.swift */,
			);
			path = LAXTabBarPlusController;
			sourceTree = "<group>";
		};
		57DE2FF71E8A6DFC00C60464 /* LAXUtil */ = {
			isa = PBXGroup;
			children = (
				57DE2FF81E8A6DFC00C60464 /* String+GetBounds.swift */,
				57DE2FF91E8A6DFC00C60464 /* String+RemoveSpace.swift */,
			);
			path = LAXUtil;
			sourceTree = "<group>";
		};
		57DE2FFA1E8A6DFC00C60464 /* Util */ = {
			isa = PBXGroup;
			children = (
				57DE2FFB1E8A6DFC00C60464 /* ConstantHeader.swift */,
				57DE2FFC1E8A6DFC00C60464 /* InterfaceHeader.h */,
				57DE2FFD1E8A6DFC00C60464 /* LAXMeiLiTVBridgingHeader.h */,
				57DE2FFE1E8A6DFC00C60464 /* Util.swift */,
			);
			path = Util;
			sourceTree = "<group>";
		};
		57DE2FFF1E8A6DFC00C60464 /* View */ = {
			isa = PBXGroup;
			children = (
				57DE30001E8A6DFC00C60464 /* Controller */,
				57DE301C1E8A6DFC00C60464 /* View */,
			);
			path = View;
			sourceTree = "<group>";
		};
		57DE30001E8A6DFC00C60464 /* Controller */ = {
			isa = PBXGroup;
			children = (
				57DE30011E8A6DFC00C60464 /* Attention */,
				57DE30041E8A6DFC00C60464 /* Base */,
				57DE30081E8A6DFC00C60464 /* Live */,
				57DE300B1E8A6DFC00C60464 /* Login */,
				57DE30121E8A6DFC00C60464 /* Main */,
				57DE30151E8A6DFC00C60464 /* Mine */,
				57DE30191E8A6DFC00C60464 /* Player */,
			);
			path = Controller;
			sourceTree = "<group>";
		};
		57DE30011E8A6DFC00C60464 /* Attention */ = {
			isa = PBXGroup;
			children = (
				57DE30021E8A6DFC00C60464 /* AttentionViewController.swift */,
				57DE30031E8A6DFC00C60464 /* AttentionViewController.xib */,
			);
			path = Attention;
			sourceTree = "<group>";
		};
		57DE30041E8A6DFC00C60464 /* Base */ = {
			isa = PBXGroup;
			children = (
				57DE30051E8A6DFC00C60464 /* BaseViewController.swift */,
				57DE30061E8A6DFC00C60464 /* DetailViewController.swift */,
				57DE30071E8A6DFC00C60464 /* RootViewController.swift */,
			);
			path = Base;
			sourceTree = "<group>";
		};
		57DE30081E8A6DFC00C60464 /* Live */ = {
			isa = PBXGroup;
			children = (
				57DE30091E8A6DFC00C60464 /* LiveViewController.swift */,
				57DE300A1E8A6DFC00C60464 /* LiveViewController.xib */,
			);
			path = Live;
			sourceTree = "<group>";
		};
		57DE300B1E8A6DFC00C60464 /* Login */ = {
			isa = PBXGroup;
			children = (
				57DE300C1E8A6DFC00C60464 /* ChangePwdViewController.swift */,
				57DE300D1E8A6DFC00C60464 /* ChangePwdViewController.xib */,
				57DE300E1E8A6DFC00C60464 /* LoginViewController.swift */,
				57DE300F1E8A6DFC00C60464 /* LoginViewController.xib */,
				57DE30101E8A6DFC00C60464 /* RegisterViewController.swift */,
				57DE30111E8A6DFC00C60464 /* RegisterViewController.xib */,
			);
			path = Login;
			sourceTree = "<group>";
		};
		57DE30121E8A6DFC00C60464 /* Main */ = {
			isa = PBXGroup;
			children = (
				57DE30131E8A6DFC00C60464 /* MainViewController.swift */,
				57DE30141E8A6DFC00C60464 /* MainViewController.xib */,
			);
			path = Main;
			sourceTree = "<group>";
		};
		57DE30151E8A6DFC00C60464 /* Mine */ = {
			isa = PBXGroup;
			children = (
				57DE30161E8A6DFC00C60464 /* MineViewController.swift */,
				57DE30171E8A6DFC00C60464 /* PersonalViewController.swift */,
				57DE30181E8A6DFC00C60464 /* PersonalViewController.xib */,
			);
			path = Mine;
			sourceTree = "<group>";
		};
		57DE30191E8A6DFC00C60464 /* Player */ = {
			isa = PBXGroup;
			children = (
				57DE301A1E8A6DFC00C60464 /* PlayerViewController.swift */,
				57DE301B1E8A6DFC00C60464 /* PlayerViewController.xib */,
			);
			path = Player;
			sourceTree = "<group>";
		};
		57DE301C1E8A6DFC00C60464 /* View */ = {
			isa = PBXGroup;
			children = (
				57DE301D1E8A6DFC00C60464 /* Attention */,
				57DE301E1E8A6DFC00C60464 /* Custom */,
				57DE30211E8A6DFC00C60464 /* Live */,
				57DE30221E8A6DFC00C60464 /* Main */,
				57DE30231E8A6DFC00C60464 /* Mine */,
				57DE30261E8A6DFC00C60464 /* Player */,
			);
			path = View;
			sourceTree = "<group>";
		};
		57DE301D1E8A6DFC00C60464 /* Attention */ = {
			isa = PBXGroup;
			children = (
			);
			path = Attention;
			sourceTree = "<group>";
		};
		57DE301E1E8A6DFC00C60464 /* Custom */ = {
			isa = PBXGroup;
			children = (
				57DE301F1E8A6DFC00C60464 /* AlertLabelView.swift */,
				57DE30201E8A6DFC00C60464 /* LAXBlueButton.swift */,
			);
			path = Custom;
			sourceTree = "<group>";
		};
		57DE30211E8A6DFC00C60464 /* Live */ = {
			isa = PBXGroup;
			children = (
			);
			path = Live;
			sourceTree = "<group>";
		};
		57DE30221E8A6DFC00C60464 /* Main */ = {
			isa = PBXGroup;
			children = (
			);
			path = Main;
			sourceTree = "<group>";
		};
		57DE30231E8A6DFC00C60464 /* Mine */ = {
			isa = PBXGroup;
			children = (
				57DE30241E8A6DFC00C60464 /* PersonalTableViewCell.swift */,
				57DE30251E8A6DFC00C60464 /* PersonalTableViewCell.xib */,
			);
			path = Mine;
			sourceTree = "<group>";
		};
		57DE30261E8A6DFC00C60464 /* Player */ = {
			isa = PBXGroup;
			children = (
			);
			path = Player;
			sourceTree = "<group>";
		};
		57DE30271E8A6DFC00C60464 /* ViewModel */ = {
			isa = PBXGroup;
			children = (
				57DE30281E8A6DFC00C60464 /* MainViewModel.swift */,
			);
			path = ViewModel;
			sourceTree = "<group>";
		};
/* End PBXGroup section */

/* Begin PBXNativeTarget section */
		579141101E87A89B006EF3AF /* LAXMeiLiTV */ = {
			isa = PBXNativeTarget;
			buildConfigurationList = 579141231E87A89B006EF3AF /* Build configuration list for PBXNativeTarget "LAXMeiLiTV" */;
			buildPhases = (
				5791410D1E87A89B006EF3AF /* Sources */,
				5791410E1E87A89B006EF3AF /* Frameworks */,
				5791410F1E87A89B006EF3AF /* Resources */,
			);
			buildRules = (
			);
			dependencies = (
			);
			name = LAXMeiLiTV;
			productName = LAXMeiLiTV;
			productReference = 579141111E87A89B006EF3AF /* LAXMeiLiTV.app */;
			productType = "com.apple.product-type.application";
		};
/* End PBXNativeTarget section */

/* Begin PBXProject section */
		579141091E87A89B006EF3AF /* Project object */ = {
			isa = PBXProject;
			attributes = {
				LastSwiftUpdateCheck = 0820;
				LastUpgradeCheck = 0820;
				ORGANIZATIONNAME = "冰凉的枷锁";
				TargetAttributes = {
					579141101E87A89B006EF3AF = {
						CreatedOnToolsVersion = 8.2.1;
						ProvisioningStyle = Automatic;
					};
				};
			};
			buildConfigurationList = 5791410C1E87A89B006EF3AF /* Build configuration list for PBXProject "LAXMeiLiTV" */;
			compatibilityVersion = "Xcode 3.2";
			developmentRegion = English;
			hasScannedForEncodings = 0;
			knownRegions = (
				en,
				Base,
			);
			mainGroup = 579141081E87A89B006EF3AF;
			productRefGroup = 579141121E87A89B006EF3AF /* Products */;
			projectDirPath = "";
			projectRoot = "";
			targets = (
				579141101E87A89B006EF3AF /* LAXMeiLiTV */,
			);
		};
/* End PBXProject section */

/* Begin PBXResourcesBuildPhase section */
		5791410F1E87A89B006EF3AF /* Resources */ = {
			isa = PBXResourcesBuildPhase;
			buildActionMask = 2147483647;
			files = (
				57DE304F1E8A6DFC00C60464 /* PlayerViewController.xib in Resources */,
				57DE30421E8A6DFC00C60464 /* LiveViewController.xib in Resources */,
				57DE30481E8A6DFC00C60464 /* RegisterViewController.xib in Resources */,
				5791411F1E87A89B006EF3AF /* LaunchScreen.storyboard in Resources */,
				5791416E1E87A8D4006EF3AF /* Main.storyboard in Resources */,
				57DE30531E8A6DFC00C60464 /* PersonalTableViewCell.xib in Resources */,
				5791416D1E87A8D4006EF3AF /* LaunchScreen.storyboard in Resources */,
				57DE304A1E8A6DFC00C60464 /* MainViewController.xib in Resources */,
				57DE30441E8A6DFC00C60464 /* ChangePwdViewController.xib in Resources */,
				5791411C1E87A89B006EF3AF /* Assets.xcassets in Resources */,
				5791411A1E87A89B006EF3AF /* Main.storyboard in Resources */,
				57DE303D1E8A6DFC00C60464 /* AttentionViewController.xib in Resources */,
				57DE304D1E8A6DFC00C60464 /* PersonalViewController.xib in Resources */,
				57DE30461E8A6DFC00C60464 /* LoginViewController.xib in Resources */,
			);
			runOnlyForDeploymentPostprocessing = 0;
		};
/* End PBXResourcesBuildPhase section */

/* Begin PBXSourcesBuildPhase section */
		5791410D1E87A89B006EF3AF /* Sources */ = {
			isa = PBXSourcesBuildPhase;
			buildActionMask = 2147483647;
			files = (
				57DE30451E8A6DFC00C60464 /* LoginViewController.swift in Sources */,
				579141171E87A89B006EF3AF /* ViewController.swift in Sources */,
				57DE30431E8A6DFC00C60464 /* ChangePwdViewController.swift in Sources */,
				57DE302B1E8A6DFC00C60464 /* LAXAnimationedTransition.swift in Sources */,
				57DE302E1E8A6DFC00C60464 /* LAXMenuBar.swift in Sources */,
				57DE303E1E8A6DFC00C60464 /* BaseViewController.swift in Sources */,
				57DE30361E8A6DFC00C60464 /* LAXTabBarPlus.swift in Sources */,
				57DE303B1E8A6DFC00C60464 /* Util.swift in Sources */,
				579141151E87A89B006EF3AF /* AppDelegate.swift in Sources */,
				57DE30491E8A6DFC00C60464 /* MainViewController.swift in Sources */,
				57DE302A1E8A6DFC00C60464 /* LAXAnimation.m in Sources */,
				57DE30351E8A6DFC00C60464 /* LAXTabBarController.swift in Sources */,
				57DE30391E8A6DFC00C60464 /* String+RemoveSpace.swift in Sources */,
				57DE30341E8A6DFC00C60464 /* LAXTabBar.swift in Sources */,
				57DE30331E8A6DFC00C60464 /* LAXNavigationController.swift in Sources */,
				57DE30371E8A6DFC00C60464 /* LAXTabBarPlusController.swift in Sources */,
				57DE30301E8A6DFC00C60464 /* LAXSplitLineView.swift in Sources */,
				57DE30511E8A6DFC00C60464 /* LAXBlueButton.swift in Sources */,
				57DE30291E8A6DFC00C60464 /* MainModel.swift in Sources */,
				57DE30541E8A6DFC00C60464 /* MainViewModel.swift in Sources */,
				57DE30401E8A6DFC00C60464 /* RootViewController.swift in Sources */,
				57DE303F1E8A6DFC00C60464 /* DetailViewController.swift in Sources */,
				57DE304E1E8A6DFC00C60464 /* PlayerViewController.swift in Sources */,
				57DE302C1E8A6DFC00C60464 /* LAXInteractiveTransition.swift in Sources */,
				57DE303C1E8A6DFC00C60464 /* AttentionViewController.swift in Sources */,
				57DE303A1E8A6DFC00C60464 /* ConstantHeader.swift in Sources */,
				57DE30411E8A6DFC00C60464 /* LiveViewController.swift in Sources */,
				57DE304B1E8A6DFC00C60464 /* MineViewController.swift in Sources */,
				57DE30311E8A6DFC00C60464 /* LAXMeViewController.swift in Sources */,
				57DE304C1E8A6DFC00C60464 /* PersonalViewController.swift in Sources */,
				57DE302D1E8A6DFC00C60464 /* LAXTransitioningDelegate.swift in Sources */,
				57DE302F1E8A6DFC00C60464 /* LAXMenuBarController.swift in Sources */,
				57DE30501E8A6DFC00C60464 /* AlertLabelView.swift in Sources */,
				57DE30381E8A6DFC00C60464 /* String+GetBounds.swift in Sources */,
				57DE30521E8A6DFC00C60464 /* PersonalTableViewCell.swift in Sources */,
				57DE30321E8A6DFC00C60464 /* LAXNavigationBar.swift in Sources */,
				57DE30471E8A6DFC00C60464 /* RegisterViewController.swift in Sources */,
			);
			runOnlyForDeploymentPostprocessing = 0;
		};
/* End PBXSourcesBuildPhase section */

/* Begin PBXVariantGroup section */
		579141181E87A89B006EF3AF /* Main.storyboard */ = {
			isa = PBXVariantGroup;
			children = (
				579141191E87A89B006EF3AF /* Base */,
			);
			name = Main.storyboard;
			sourceTree = "<group>";
		};
		5791411D1E87A89B006EF3AF /* LaunchScreen.storyboard */ = {
			isa = PBXVariantGroup;
			children = (
				5791411E1E87A89B006EF3AF /* Base */,
			);
			name = LaunchScreen.storyboard;
			sourceTree = "<group>";
		};
		579141271E87A8D3006EF3AF /* LaunchScreen.storyboard */ = {
			isa = PBXVariantGroup;
			children = (
				579141281E87A8D3006EF3AF /* Base */,
			);
			name = LaunchScreen.storyboard;
			sourceTree = "<group>";
		};
		579141291E87A8D3006EF3AF /* Main.storyboard */ = {
			isa = PBXVariantGroup;
			children = (
				5791412A1E87A8D3006EF3AF /* Base */,
			);
			name = Main.storyboard;
			sourceTree = "<group>";
		};
/* End PBXVariantGroup section */

/* Begin XCBuildConfiguration section */
		579141211E87A89B006EF3AF /* Debug */ = {
			isa = XCBuildConfiguration;
			buildSettings = {
				ALWAYS_SEARCH_USER_PATHS = NO;
				CLANG_ANALYZER_NONNULL = YES;
				CLANG_CXX_LANGUAGE_STANDARD = "gnu++0x";
				CLANG_CXX_LIBRARY = "libc++";
				CLANG_ENABLE_MODULES = YES;
				CLANG_ENABLE_OBJC_ARC = YES;
				CLANG_WARN_BOOL_CONVERSION = YES;
				CLANG_WARN_CONSTANT_CONVERSION = YES;
				CLANG_WARN_DIRECT_OBJC_ISA_USAGE = YES_ERROR;
				CLANG_WARN_DOCUMENTATION_COMMENTS = YES;
				CLANG_WARN_EMPTY_BODY = YES;
				CLANG_WARN_ENUM_CONVERSION = YES;
				CLANG_WARN_INFINITE_RECURSION = YES;
				CLANG_WARN_INT_CONVERSION = YES;
				CLANG_WARN_OBJC_ROOT_CLASS = YES_ERROR;
				CLANG_WARN_SUSPICIOUS_MOVE = YES;
				CLANG_WARN_UNREACHABLE_CODE = YES;
				CLANG_WARN__DUPLICATE_METHOD_MATCH = YES;
				"CODE_SIGN_IDENTITY[sdk=iphoneos*]" = "iPhone Developer";
				COPY_PHASE_STRIP = NO;
				DEBUG_INFORMATION_FORMAT = dwarf;
				ENABLE_STRICT_OBJC_MSGSEND = YES;
				ENABLE_TESTABILITY = YES;
				GCC_C_LANGUAGE_STANDARD = gnu99;
				GCC_DYNAMIC_NO_PIC = NO;
				GCC_NO_COMMON_BLOCKS = YES;
				GCC_OPTIMIZATION_LEVEL = 0;
				GCC_PREPROCESSOR_DEFINITIONS = (
					"DEBUG=1",
					"$(inherited)",
				);
				GCC_WARN_64_TO_32_BIT_CONVERSION = YES;
				GCC_WARN_ABOUT_RETURN_TYPE = YES_ERROR;
				GCC_WARN_UNDECLARED_SELECTOR = YES;
				GCC_WARN_UNINITIALIZED_AUTOS = YES_AGGRESSIVE;
				GCC_WARN_UNUSED_FUNCTION = YES;
				GCC_WARN_UNUSED_VARIABLE = YES;
				IPHONEOS_DEPLOYMENT_TARGET = 10.2;
				MTL_ENABLE_DEBUG_INFO = YES;
				ONLY_ACTIVE_ARCH = YES;
				SDKROOT = iphoneos;
				SWIFT_ACTIVE_COMPILATION_CONDITIONS = DEBUG;
				SWIFT_OPTIMIZATION_LEVEL = "-Onone";
			};
			name = Debug;
		};
		579141221E87A89B006EF3AF /* Release */ = {
			isa = XCBuildConfiguration;
			buildSettings = {
				ALWAYS_SEARCH_USER_PATHS = NO;
				CLANG_ANALYZER_NONNULL = YES;
				CLANG_CXX_LANGUAGE_STANDARD = "gnu++0x";
				CLANG_CXX_LIBRARY = "libc++";
				CLANG_ENABLE_MODULES = YES;
				CLANG_ENABLE_OBJC_ARC = YES;
				CLANG_WARN_BOOL_CONVERSION = YES;
				CLANG_WARN_CONSTANT_CONVERSION = YES;
				CLANG_WARN_DIRECT_OBJC_ISA_USAGE = YES_ERROR;
				CLANG_WARN_DOCUMENTATION_COMMENTS = YES;
				CLANG_WARN_EMPTY_BODY = YES;
				CLANG_WARN_ENUM_CONVERSION = YES;
				CLANG_WARN_INFINITE_RECURSION = YES;
				CLANG_WARN_INT_CONVERSION = YES;
				CLANG_WARN_OBJC_ROOT_CLASS = YES_ERROR;
				CLANG_WARN_SUSPICIOUS_MOVE = YES;
				CLANG_WARN_UNREACHABLE_CODE = YES;
				CLANG_WARN__DUPLICATE_METHOD_MATCH = YES;
				"CODE_SIGN_IDENTITY[sdk=iphoneos*]" = "iPhone Developer";
				COPY_PHASE_STRIP = NO;
				DEBUG_INFORMATION_FORMAT = "dwarf-with-dsym";
				ENABLE_NS_ASSERTIONS = NO;
				ENABLE_STRICT_OBJC_MSGSEND = YES;
				GCC_C_LANGUAGE_STANDARD = gnu99;
				GCC_NO_COMMON_BLOCKS = YES;
				GCC_WARN_64_TO_32_BIT_CONVERSION = YES;
				GCC_WARN_ABOUT_RETURN_TYPE = YES_ERROR;
				GCC_WARN_UNDECLARED_SELECTOR = YES;
				GCC_WARN_UNINITIALIZED_AUTOS = YES_AGGRESSIVE;
				GCC_WARN_UNUSED_FUNCTION = YES;
				GCC_WARN_UNUSED_VARIABLE = YES;
				IPHONEOS_DEPLOYMENT_TARGET = 10.2;
				MTL_ENABLE_DEBUG_INFO = NO;
				SDKROOT = iphoneos;
				SWIFT_OPTIMIZATION_LEVEL = "-Owholemodule";
				VALIDATE_PRODUCT = YES;
			};
			name = Release;
		};
		579141241E87A89B006EF3AF /* Debug */ = {
			isa = XCBuildConfiguration;
			buildSettings = {
				ASSETCATALOG_COMPILER_APPICON_NAME = AppIcon;
				INFOPLIST_FILE = LAXMeiLiTV/Info.plist;
				LD_RUNPATH_SEARCH_PATHS = "$(inherited) @executable_path/Frameworks";
				PRODUCT_BUNDLE_IDENTIFIER = com.sdut.LAXMeiLiTV;
				PRODUCT_NAME = "$(TARGET_NAME)";
				SWIFT_OBJC_BRIDGING_HEADER = "$(SRCROOT)/LAXMeiLiTV/Util/LAXMeiLiTVBridgingHeader.h";
				SWIFT_VERSION = 3.0;
			};
			name = Debug;
		};
		579141251E87A89B006EF3AF /* Release */ = {
			isa = XCBuildConfiguration;
			buildSettings = {
				ASSETCATALOG_COMPILER_APPICON_NAME = AppIcon;
				INFOPLIST_FILE = LAXMeiLiTV/Info.plist;
				LD_RUNPATH_SEARCH_PATHS = "$(inherited) @executable_path/Frameworks";
				PRODUCT_BUNDLE_IDENTIFIER = com.sdut.LAXMeiLiTV;
				PRODUCT_NAME = "$(TARGET_NAME)";
				SWIFT_OBJC_BRIDGING_HEADER = "$(SRCROOT)/LAXMeiLiTV/Util/LAXMeiLiTVBridgingHeader.h";
				SWIFT_VERSION = 3.0;
			};
			name = Release;
		};
/* End XCBuildConfiguration section */

/* Begin XCConfigurationList section */
		5791410C1E87A89B006EF3AF /* Build configuration list for PBXProject "LAXMeiLiTV" */ = {
			isa = XCConfigurationList;
			buildConfigurations = (
				579141211E87A89B006EF3AF /* Debug */,
				579141221E87A89B006EF3AF /* Release */,
			);
			defaultConfigurationIsVisible = 0;
			defaultConfigurationName = Release;
		};
		579141231E87A89B006EF3AF /* Build configuration list for PBXNativeTarget "LAXMeiLiTV" */ = {
			isa = XCConfigurationList;
			buildConfigurations = (
				579141241E87A89B006EF3AF /* Debug */,
				579141251E87A89B006EF3AF /* Release */,
			);
			defaultConfigurationIsVisible = 0;
			defaultConfigurationName = Release;
		};
/* End XCConfigurationList section */
	};
	rootObject = 579141091E87A89B006EF3AF /* Project object */;
}
